PODS:
  - Bolts/Tasks (1.8.4)
  - ExpandingMenu (0.3.1)
  - Parse (1.14.2):
    - Bolts/Tasks (~> 1.8)
  - PopupDialog (0.5.1)

DEPENDENCIES:
  - ExpandingMenu (from `https://github.com/monoqlo/ExpandingMenu.git`)
  - Parse
  - PopupDialog (from `https://github.com/Orderella/PopupDialog.git`)

EXTERNAL SOURCES:
  ExpandingMenu:
    :git: https://github.com/monoqlo/ExpandingMenu.git
  PopupDialog:
    :git: https://github.com/Orderella/PopupDialog.git

CHECKOUT OPTIONS:
  ExpandingMenu:
    :commit: 09783bb43f3c9ce3c6fcf9ccda29f04eac791864
    :git: https://github.com/monoqlo/ExpandingMenu.git
  PopupDialog:
    :commit: 00b06e07356d629d692b35e3fecdc403106e94e5
    :git: https://github.com/Orderella/PopupDialog.git

SPEC CHECKSUMS:
  Bolts: 8a7995239dbe724f9cba2248b766d48b7ebdd322
  ExpandingMenu: 107548f3cb8c04b28a8b6b436983f506849484cc
  Parse: 4335d65f40cb3d43190d723144bbe1afb9c38230
  PopupDialog: 1e2439a69aff4f9da2aad173f41f986a4a28fd27

PODFILE CHECKSUM: 386ac3377c1dd5112c579d4c33983fc86b807125

COCOAPODS: 1.0.1
