// !$*UTF8*$!
{
	archiveVersion = 1;
	classes = {
	};
	objectVersion = 48;
	objects = {

/* Begin PBXBuildFile section */
		0A0734281E38EBB200517E7B /* Info.plist in Resources */ = {isa = PBXBuildFile; fileRef = 0A0734201E38EBB200517E7B /* Info.plist */; };
		0A0734291E38EBB200517E7B /* UIImageView+extension.swift in Sources */ = {isa = PBXBuildFile; fileRef = 0A0734211E38EBB200517E7B /* UIImageView+extension.swift */; };
		0A07342A1E38EBB200517E7B /* ZoomInteractiveTransition.swift in Sources */ = {isa = PBXBuildFile; fileRef = 0A0734221E38EBB200517E7B /* ZoomInteractiveTransition.swift */; };
		0A07342B1E38EBB200517E7B /* ZoomNavigationControllerDelegate.swift in Sources */ = {isa = PBXBuildFile; fileRef = 0A0734231E38EBB200517E7B /* ZoomNavigationControllerDelegate.swift */; };
		0A07342C1E38EBB200517E7B /* ZoomTransitionDestinationDelegate.swift in Sources */ = {isa = PBXBuildFile; fileRef = 0A0734241E38EBB200517E7B /* ZoomTransitionDestinationDelegate.swift */; };
		0A07342D1E38EBB200517E7B /* ZoomTransitioning.swift in Sources */ = {isa = PBXBuildFile; fileRef = 0A0734261E38EBB200517E7B /* ZoomTransitioning.swift */; };
		0A07342E1E38EBB200517E7B /* ZoomTransitionSourceDelegate.swift in Sources */ = {isa = PBXBuildFile; fileRef = 0A0734271E38EBB200517E7B /* ZoomTransitionSourceDelegate.swift */; };
		0A0734301E38EEF300517E7B /* tripDetailPhotoNC.swift in Sources */ = {isa = PBXBuildFile; fileRef = 0A07342F1E38EEF300517E7B /* tripDetailPhotoNC.swift */; };
		0A0734321E38F2FF00517E7B /* tabbartripDetailPhoto.swift in Sources */ = {isa = PBXBuildFile; fileRef = 0A0734311E38F2FF00517E7B /* tabbartripDetailPhoto.swift */; };
		0A0792611E3E3BEA0059A9BA /* photoCameraVC.swift in Sources */ = {isa = PBXBuildFile; fileRef = 0A07925F1E3E3BEA0059A9BA /* photoCameraVC.swift */; };
		0A0792621E3E3BEA0059A9BA /* photoVC.swift in Sources */ = {isa = PBXBuildFile; fileRef = 0A0792601E3E3BEA0059A9BA /* photoVC.swift */; };
		0A0D97B01E49D4CC00FA9B7B /* IsoCountries.swift in Sources */ = {isa = PBXBuildFile; fileRef = 0A0D97AE1E49D4CC00FA9B7B /* IsoCountries.swift */; };
		0A0D97B11E49D4CC00FA9B7B /* IsoCountryCodes.swift in Sources */ = {isa = PBXBuildFile; fileRef = 0A0D97AF1E49D4CC00FA9B7B /* IsoCountryCodes.swift */; };
		0A11CD241E0ACECF00D52868 /* spentCell.swift in Sources */ = {isa = PBXBuildFile; fileRef = 0A11CD231E0ACECF00D52868 /* spentCell.swift */; };
		0A11CD261E0AD01C00D52868 /* spentsVC.swift in Sources */ = {isa = PBXBuildFile; fileRef = 0A11CD251E0AD01C00D52868 /* spentsVC.swift */; };
		0A1226551E5C5420002197B9 /* feedCell.swift in Sources */ = {isa = PBXBuildFile; fileRef = 0A1226541E5C5420002197B9 /* feedCell.swift */; };
		0A1D9F3A1DB2ABBC0002BAD1 /* pictureCell.swift in Sources */ = {isa = PBXBuildFile; fileRef = 0A1D9F391DB2ABBC0002BAD1 /* pictureCell.swift */; };
		0A1D9F3E1DB6AFA10002BAD1 /* followersVC.swift in Sources */ = {isa = PBXBuildFile; fileRef = 0A1D9F3D1DB6AFA10002BAD1 /* followersVC.swift */; };
		0A1D9F401DB6AFE30002BAD1 /* followersCell.swift in Sources */ = {isa = PBXBuildFile; fileRef = 0A1D9F3F1DB6AFE30002BAD1 /* followersCell.swift */; };
		0A1D9F421DB78BA30002BAD1 /* guestVC.swift in Sources */ = {isa = PBXBuildFile; fileRef = 0A1D9F411DB78BA30002BAD1 /* guestVC.swift */; };
		0A1D9F441DB8CEC60002BAD1 /* editVC.swift in Sources */ = {isa = PBXBuildFile; fileRef = 0A1D9F431DB8CEC60002BAD1 /* editVC.swift */; };
		0A1D9F481DB9F2D10002BAD1 /* uploadVC.swift in Sources */ = {isa = PBXBuildFile; fileRef = 0A1D9F471DB9F2D10002BAD1 /* uploadVC.swift */; };
		0A1D9F4A1DBA4BA50002BAD1 /* postVC.swift in Sources */ = {isa = PBXBuildFile; fileRef = 0A1D9F491DBA4BA50002BAD1 /* postVC.swift */; };
		0A1D9F4C1DBA4BD90002BAD1 /* postCell.swift in Sources */ = {isa = PBXBuildFile; fileRef = 0A1D9F4B1DBA4BD90002BAD1 /* postCell.swift */; };
		0A1E9D5B1DBBE2FC00080209 /* navVC.swift in Sources */ = {isa = PBXBuildFile; fileRef = 0A1E9D5A1DBBE2FC00080209 /* navVC.swift */; };
		0A1E9D5D1DBBE33B00080209 /* tabbarVC.swift in Sources */ = {isa = PBXBuildFile; fileRef = 0A1E9D5C1DBBE33B00080209 /* tabbarVC.swift */; };
		0A1E9D5F1DBC8B9F00080209 /* commentVC.swift in Sources */ = {isa = PBXBuildFile; fileRef = 0A1E9D5E1DBC8B9F00080209 /* commentVC.swift */; };
		0A1E9D611DBC8BDC00080209 /* commentCell.swift in Sources */ = {isa = PBXBuildFile; fileRef = 0A1E9D601DBC8BDC00080209 /* commentCell.swift */; };
		0A1E9D651DBD32A500080209 /* KILabel.m in Sources */ = {isa = PBXBuildFile; fileRef = 0A1E9D641DBD32A500080209 /* KILabel.m */; };
		0A21870C1E48E6FE00496620 /* FlagKit.xcassets in Resources */ = {isa = PBXBuildFile; fileRef = 0A21870B1E48E6FE00496620 /* FlagKit.xcassets */; };
		0A32E22E1DE49667006DC92E /* TimeFrameVC.swift in Sources */ = {isa = PBXBuildFile; fileRef = 0A32E22D1DE49667006DC92E /* TimeFrameVC.swift */; };
		0A3B76F81DE1C96900A60659 /* RatingViewController.swift in Sources */ = {isa = PBXBuildFile; fileRef = 0A3B76F61DE1C96900A60659 /* RatingViewController.swift */; };
		0A3B76F91DE1C96900A60659 /* RatingViewController.xib in Resources */ = {isa = PBXBuildFile; fileRef = 0A3B76F71DE1C96900A60659 /* RatingViewController.xib */; };
		0A3EFBFC1E33507300C21FDB /* SplashVC.swift in Sources */ = {isa = PBXBuildFile; fileRef = 0A3EFBFB1E33507300C21FDB /* SplashVC.swift */; };
		0A413D271E13EEA10090B78B /* DatePickerDialog.swift in Sources */ = {isa = PBXBuildFile; fileRef = 0A413D261E13EEA10090B78B /* DatePickerDialog.swift */; };
		0A4170BD1E2A368E00AB473F /* tripDetailMapPOIDescVC.swift in Sources */ = {isa = PBXBuildFile; fileRef = 0A4170BC1E2A368E00AB473F /* tripDetailMapPOIDescVC.swift */; };
		0A430BD31E0C2A3B00D4BF6B /* spentHeaderCell.swift in Sources */ = {isa = PBXBuildFile; fileRef = 0A430BD21E0C2A3B00D4BF6B /* spentHeaderCell.swift */; };
		0A431AD61E4C890E00F22575 /* itineraryVC.swift in Sources */ = {isa = PBXBuildFile; fileRef = 0A431AD51E4C890E00F22575 /* itineraryVC.swift */; };
		0A431AD81E4CA07F00F22575 /* tripMapMasterVC.swift in Sources */ = {isa = PBXBuildFile; fileRef = 0A431AD71E4CA07F00F22575 /* tripMapMasterVC.swift */; };
		0A431ADA1E4DDB8700F22575 /* TabySegmentedControl.swift in Sources */ = {isa = PBXBuildFile; fileRef = 0A431AD91E4DDB8700F22575 /* TabySegmentedControl.swift */; };
		0A45DE4F1E18218100F3D47B /* tripsListHeaderCell.swift in Sources */ = {isa = PBXBuildFile; fileRef = 0A45DE4E1E18218100F3D47B /* tripsListHeaderCell.swift */; };
		0A45DE511E18296300F3D47B /* tripsListCell.swift in Sources */ = {isa = PBXBuildFile; fileRef = 0A45DE501E18296300F3D47B /* tripsListCell.swift */; };
		0A4812FF1E392D2600635270 /* tripDetailsPhotoCollectionVC.swift in Sources */ = {isa = PBXBuildFile; fileRef = 0A4812FE1E392D2600635270 /* tripDetailsPhotoCollectionVC.swift */; };
		0A4813011E392EAE00635270 /* tripDetailPhotoViewCell.swift in Sources */ = {isa = PBXBuildFile; fileRef = 0A4813001E392EAE00635270 /* tripDetailPhotoViewCell.swift */; };
		0A4813031E393F6F00635270 /* tripDetailPhotoDetailVC.swift in Sources */ = {isa = PBXBuildFile; fileRef = 0A4813021E393F6F00635270 /* tripDetailPhotoDetailVC.swift */; };
		0A4939511E4F0E0D006D9218 /* itineraryCell.swift in Sources */ = {isa = PBXBuildFile; fileRef = 0A4939501E4F0E0D006D9218 /* itineraryCell.swift */; };
		0A4939531E4F3A0C006D9218 /* itineraryHeaderCell.swift in Sources */ = {isa = PBXBuildFile; fileRef = 0A4939521E4F3A0C006D9218 /* itineraryHeaderCell.swift */; };
		0A4939551E507744006D9218 /* itineraryFooterCell.swift in Sources */ = {isa = PBXBuildFile; fileRef = 0A4939541E507744006D9218 /* itineraryFooterCell.swift */; };
		0A4939571E559CE1006D9218 /* CosmosDistrib.swift in Sources */ = {isa = PBXBuildFile; fileRef = 0A4939561E559CE1006D9218 /* CosmosDistrib.swift */; };
		0A50EAB01E27FEF90080ACCB /* tripDetailMapSearchHistory.swift in Sources */ = {isa = PBXBuildFile; fileRef = 0A50EAAF1E27FEF90080ACCB /* tripDetailMapSearchHistory.swift */; };
		0A50EAB21E27FFA90080ACCB /* tripDetailMapLocationSearchTable.swift in Sources */ = {isa = PBXBuildFile; fileRef = 0A50EAB11E27FFA90080ACCB /* tripDetailMapLocationSearchTable.swift */; };
		0A50EAB41E2800FA0080ACCB /* tripDetailHandleMapSearchVC.swift in Sources */ = {isa = PBXBuildFile; fileRef = 0A50EAB31E2800FA0080ACCB /* tripDetailHandleMapSearchVC.swift */; };
		0A5314601DC1F52E00604F69 /* feedVC.swift in Sources */ = {isa = PBXBuildFile; fileRef = 0A53145F1DC1F52D00604F69 /* feedVC.swift */; };
		0A5314621DC2339800604F69 /* usersVC.swift in Sources */ = {isa = PBXBuildFile; fileRef = 0A5314611DC2339800604F69 /* usersVC.swift */; };
		0A55339B1E1AA8A60013CCF1 /* menuListVC.swift in Sources */ = {isa = PBXBuildFile; fileRef = 0A55339A1E1AA8A60013CCF1 /* menuListVC.swift */; };
		0A5BCD181E22421500903D87 /* tripDetailMapVC.swift in Sources */ = {isa = PBXBuildFile; fileRef = 0A5BCD171E22421500903D87 /* tripDetailMapVC.swift */; };
		0A65F7981E13F3DD00A3548E /* ExpandingMenu.framework in Frameworks */ = {isa = PBXBuildFile; fileRef = 0A65F7971E13F3DD00A3548E /* ExpandingMenu.framework */; };
		0A81F2A41DCD28900073063D /* PopupDialog.framework in Frameworks */ = {isa = PBXBuildFile; fileRef = 0A81F2A31DCD28900073063D /* PopupDialog.framework */; };
		0A81F2A61DCE17630073063D /* rateVC.swift in Sources */ = {isa = PBXBuildFile; fileRef = 0A81F2A51DCE17630073063D /* rateVC.swift */; };
		0A81F2A81DCE18380073063D /* rateCell.swift in Sources */ = {isa = PBXBuildFile; fileRef = 0A81F2A71DCE18380073063D /* rateCell.swift */; };
		0A8626341DB0BDE30001C1EE /* AppDelegate.swift in Sources */ = {isa = PBXBuildFile; fileRef = 0A8626331DB0BDE30001C1EE /* AppDelegate.swift */; };
		0A8626391DB0BDE30001C1EE /* Main.storyboard in Resources */ = {isa = PBXBuildFile; fileRef = 0A8626371DB0BDE30001C1EE /* Main.storyboard */; };
		0A86263B1DB0BDE30001C1EE /* Assets.xcassets in Resources */ = {isa = PBXBuildFile; fileRef = 0A86263A1DB0BDE30001C1EE /* Assets.xcassets */; };
		0A86263E1DB0BDE30001C1EE /* LaunchScreen.storyboard in Resources */ = {isa = PBXBuildFile; fileRef = 0A86263C1DB0BDE30001C1EE /* LaunchScreen.storyboard */; };
		0A8626471DB0BE430001C1EE /* libsqlite3.tbd in Frameworks */ = {isa = PBXBuildFile; fileRef = 0A8626461DB0BE430001C1EE /* libsqlite3.tbd */; };
		0A8626491DB0BE530001C1EE /* libz.tbd in Frameworks */ = {isa = PBXBuildFile; fileRef = 0A8626481DB0BE530001C1EE /* libz.tbd */; };
		0A86264B1DB0BE730001C1EE /* AudioToolbox.framework in Frameworks */ = {isa = PBXBuildFile; fileRef = 0A86264A1DB0BE730001C1EE /* AudioToolbox.framework */; };
		0A86264D1DB0BE850001C1EE /* CFNetwork.framework in Frameworks */ = {isa = PBXBuildFile; fileRef = 0A86264C1DB0BE850001C1EE /* CFNetwork.framework */; };
		0A86264F1DB0BE960001C1EE /* CoreGraphics.framework in Frameworks */ = {isa = PBXBuildFile; fileRef = 0A86264E1DB0BE960001C1EE /* CoreGraphics.framework */; };
		0A8626511DB0BEAA0001C1EE /* CoreLocation.framework in Frameworks */ = {isa = PBXBuildFile; fileRef = 0A8626501DB0BEAA0001C1EE /* CoreLocation.framework */; };
		0A8626531DB0BEBB0001C1EE /* QuartzCore.framework in Frameworks */ = {isa = PBXBuildFile; fileRef = 0A8626521DB0BEBB0001C1EE /* QuartzCore.framework */; };
		0A8626551DB0BECD0001C1EE /* Security.framework in Frameworks */ = {isa = PBXBuildFile; fileRef = 0A8626541DB0BECD0001C1EE /* Security.framework */; };
		0A8626571DB0BEDF0001C1EE /* StoreKit.framework in Frameworks */ = {isa = PBXBuildFile; fileRef = 0A8626561DB0BEDF0001C1EE /* StoreKit.framework */; };
		0A8626591DB0BEEF0001C1EE /* SystemConfiguration.framework in Frameworks */ = {isa = PBXBuildFile; fileRef = 0A8626581DB0BEEF0001C1EE /* SystemConfiguration.framework */; };
		0A86265C1DB0C3B50001C1EE /* Bolts.framework in Frameworks */ = {isa = PBXBuildFile; fileRef = 0A86265A1DB0C3B50001C1EE /* Bolts.framework */; settings = {ATTRIBUTES = (Required, ); }; };
		0A86265D1DB0C3B50001C1EE /* Parse.framework in Frameworks */ = {isa = PBXBuildFile; fileRef = 0A86265B1DB0C3B50001C1EE /* Parse.framework */; settings = {ATTRIBUTES = (Required, ); }; };
		0A86265F1DB0D9DC0001C1EE /* singInVC.swift in Sources */ = {isa = PBXBuildFile; fileRef = 0A86265E1DB0D9DC0001C1EE /* singInVC.swift */; };
		0A8626631DB0DA350001C1EE /* resetPasswordVC.swift in Sources */ = {isa = PBXBuildFile; fileRef = 0A8626621DB0DA350001C1EE /* resetPasswordVC.swift */; };
		0A8626651DB147B40001C1EE /* signUPVC.swift in Sources */ = {isa = PBXBuildFile; fileRef = 0A8626641DB147B40001C1EE /* signUPVC.swift */; };
		0A8626691DB285430001C1EE /* Pacifico.ttf in Resources */ = {isa = PBXBuildFile; fileRef = 0A8626681DB285430001C1EE /* Pacifico.ttf */; };
		0A86266F1DB2A5DC0001C1EE /* homeVC.swift in Sources */ = {isa = PBXBuildFile; fileRef = 0A86266E1DB2A5DC0001C1EE /* homeVC.swift */; };
		0A8626711DB2A62D0001C1EE /* headerView.swift in Sources */ = {isa = PBXBuildFile; fileRef = 0A8626701DB2A62D0001C1EE /* headerView.swift */; };
		0A8677B81E04115B00A44177 /* tripMapVC.swift in Sources */ = {isa = PBXBuildFile; fileRef = 0A8677B71E04115B00A44177 /* tripMapVC.swift */; };
		0A88522B1E7ABBE800D1B48C /* addPhotoGalleryVC.swift in Sources */ = {isa = PBXBuildFile; fileRef = 0A88522A1E7ABBE800D1B48C /* addPhotoGalleryVC.swift */; };
		0A88522D1E826A5200D1B48C /* quantityTVC.swift in Sources */ = {isa = PBXBuildFile; fileRef = 0A88522C1E826A5200D1B48C /* quantityTVC.swift */; };
		0A885C071DE9FE790036CA0F /* uploadEditVC.swift in Sources */ = {isa = PBXBuildFile; fileRef = 0A885C061DE9FE790036CA0F /* uploadEditVC.swift */; };
		0A97C5AA1E23C7CF00F40048 /* tabbartripDetailMap.swift in Sources */ = {isa = PBXBuildFile; fileRef = 0A97C5A91E23C7CF00F40048 /* tabbartripDetailMap.swift */; };
		0A97C5AC1E26A67B00F40048 /* tripDetailMapPOIListVC.swift in Sources */ = {isa = PBXBuildFile; fileRef = 0A97C5AB1E26A67B00F40048 /* tripDetailMapPOIListVC.swift */; };
		0A97C5AE1E26C4DA00F40048 /* tripDetailMapPOIListCell.swift in Sources */ = {isa = PBXBuildFile; fileRef = 0A97C5AD1E26C4DA00F40048 /* tripDetailMapPOIListCell.swift */; };
		0A98279E1DE318C9008C6C0C /* GLCalendarDateRange.m in Sources */ = {isa = PBXBuildFile; fileRef = 0A98278A1DE318C9008C6C0C /* GLCalendarDateRange.m */; };
		0A98279F1DE318C9008C6C0C /* GLCalendarDayCell.m in Sources */ = {isa = PBXBuildFile; fileRef = 0A98278D1DE318C9008C6C0C /* GLCalendarDayCell.m */; };
		0A9827A01DE318C9008C6C0C /* GLCalendarDayCell.xib in Resources */ = {isa = PBXBuildFile; fileRef = 0A98278E1DE318C9008C6C0C /* GLCalendarDayCell.xib */; };
		0A9827A11DE318C9008C6C0C /* GLCalendarDayCellBackgroundCover.m in Sources */ = {isa = PBXBuildFile; fileRef = 0A9827901DE318C9008C6C0C /* GLCalendarDayCellBackgroundCover.m */; };
		0A9827A21DE318C9008C6C0C /* GLCalendarMonthCoverView.m in Sources */ = {isa = PBXBuildFile; fileRef = 0A9827921DE318C9008C6C0C /* GLCalendarMonthCoverView.m */; };
		0A9827A31DE318C9008C6C0C /* GLCalendarView.m in Sources */ = {isa = PBXBuildFile; fileRef = 0A9827941DE318C9008C6C0C /* GLCalendarView.m */; };
		0A9827A41DE318C9008C6C0C /* GLCalendarView.xib in Resources */ = {isa = PBXBuildFile; fileRef = 0A9827951DE318C9008C6C0C /* GLCalendarView.xib */; };
		0A9827A51DE318C9008C6C0C /* GLDateUtils.m in Sources */ = {isa = PBXBuildFile; fileRef = 0A9827971DE318C9008C6C0C /* GLDateUtils.m */; };
		0A9827A61DE318C9008C6C0C /* gl-calendar-magnify-glass.png in Resources */ = {isa = PBXBuildFile; fileRef = 0A9827991DE318C9008C6C0C /* gl-calendar-magnify-glass.png */; };
		0A9827A71DE318C9008C6C0C /* gl-calendar-magnify-glass@2x.png in Resources */ = {isa = PBXBuildFile; fileRef = 0A98279A1DE318C9008C6C0C /* gl-calendar-magnify-glass@2x.png */; };
		0A9827A81DE318C9008C6C0C /* gl-calendar-shadow.png in Resources */ = {isa = PBXBuildFile; fileRef = 0A98279B1DE318C9008C6C0C /* gl-calendar-shadow.png */; };
		0A9827A91DE318C9008C6C0C /* gl-calendar-shadow@2x.png in Resources */ = {isa = PBXBuildFile; fileRef = 0A98279C1DE318C9008C6C0C /* gl-calendar-shadow@2x.png */; };
		0A9827AA1DE318C9008C6C0C /* gl-calendar-shadow@3x.png in Resources */ = {isa = PBXBuildFile; fileRef = 0A98279D1DE318C9008C6C0C /* gl-calendar-shadow@3x.png */; };
		0AA0C3B31E18033500790BD8 /* tripsListVC.swift in Sources */ = {isa = PBXBuildFile; fileRef = 0AA0C3B21E18033500790BD8 /* tripsListVC.swift */; };
		0AA6C9601E89423C0084012C /* countriesTVC.swift in Sources */ = {isa = PBXBuildFile; fileRef = 0AA6C95F1E89423C0084012C /* countriesTVC.swift */; };
		0AA6C9621E8946030084012C /* countriesCell.swift in Sources */ = {isa = PBXBuildFile; fileRef = 0AA6C9611E8946030084012C /* countriesCell.swift */; };
		0AAA5E501E1294D200D42657 /* spentVC.swift in Sources */ = {isa = PBXBuildFile; fileRef = 0AAA5E4F1E1294D200D42657 /* spentVC.swift */; };
		0AAA5E541E1298E500D42657 /* DLRadioButton.m in Sources */ = {isa = PBXBuildFile; fileRef = 0AAA5E531E1298E500D42657 /* DLRadioButton.m */; };
		0AB078271E1D37F2003CA409 /* PBRevealViewController.m in Sources */ = {isa = PBXBuildFile; fileRef = 0AB078261E1D37F2003CA409 /* PBRevealViewController.m */; };
		0AC9D3CC1E8519120027520F /* quantityLevelTVC.swift in Sources */ = {isa = PBXBuildFile; fileRef = 0AC9D3CB1E8519120027520F /* quantityLevelTVC.swift */; };
		0AD678671E755D8E00E1E9E5 /* PromoContentViewController.swift in Sources */ = {isa = PBXBuildFile; fileRef = 0AD678641E755D8E00E1E9E5 /* PromoContentViewController.swift */; };
		0AD678681E755D8E00E1E9E5 /* HomeViewController.swift in Sources */ = {isa = PBXBuildFile; fileRef = 0AD678651E755D8E00E1E9E5 /* HomeViewController.swift */; };
		0AD678691E755D8E00E1E9E5 /* PhotoCollectionViewCell.swift in Sources */ = {isa = PBXBuildFile; fileRef = 0AD678661E755D8E00E1E9E5 /* PhotoCollectionViewCell.swift */; };
		0AD6786C1E75620C00E1E9E5 /* CounterView.swift in Sources */ = {isa = PBXBuildFile; fileRef = 0AD6786B1E75620C00E1E9E5 /* CounterView.swift */; };
		0AD6789E1E75628B00E1E9E5 /* BlurView.swift in Sources */ = {isa = PBXBuildFile; fileRef = 0AD6786D1E75628B00E1E9E5 /* BlurView.swift */; };
		0AD6789F1E75628B00E1E9E5 /* GalleryConfiguration.swift in Sources */ = {isa = PBXBuildFile; fileRef = 0AD6786E1E75628B00E1E9E5 /* GalleryConfiguration.swift */; };
		0AD678A01E75628B00E1E9E5 /* Bool.swift in Sources */ = {isa = PBXBuildFile; fileRef = 0AD678701E75628B00E1E9E5 /* Bool.swift */; };
		0AD678A11E75628B00E1E9E5 /* AVPlayer.swift in Sources */ = {isa = PBXBuildFile; fileRef = 0AD678711E75628B00E1E9E5 /* AVPlayer.swift */; };
		0AD678A21E75628B00E1E9E5 /* CGSize.swift in Sources */ = {isa = PBXBuildFile; fileRef = 0AD678721E75628B00E1E9E5 /* CGSize.swift */; };
		0AD678A31E75628B00E1E9E5 /* CGRect.swift in Sources */ = {isa = PBXBuildFile; fileRef = 0AD678731E75628B00E1E9E5 /* CGRect.swift */; };
		0AD678A41E75628B00E1E9E5 /* CGPoint.swift in Sources */ = {isa = PBXBuildFile; fileRef = 0AD678741E75628B00E1E9E5 /* CGPoint.swift */; };
		0AD678A51E75628B00E1E9E5 /* UIView.swift in Sources */ = {isa = PBXBuildFile; fileRef = 0AD678751E75628B00E1E9E5 /* UIView.swift */; };
		0AD678A61E75628B00E1E9E5 /* UIImageView.swift in Sources */ = {isa = PBXBuildFile; fileRef = 0AD678761E75628B00E1E9E5 /* UIImageView.swift */; };
		0AD678A71E75628B00E1E9E5 /* UIViewController.swift in Sources */ = {isa = PBXBuildFile; fileRef = 0AD678771E75628B00E1E9E5 /* UIViewController.swift */; };
		0AD678A81E75628B00E1E9E5 /* UIApplication.swift in Sources */ = {isa = PBXBuildFile; fileRef = 0AD678781E75628B00E1E9E5 /* UIApplication.swift */; };
		0AD678A91E75628B00E1E9E5 /* UIButton.swift in Sources */ = {isa = PBXBuildFile; fileRef = 0AD678791E75628B00E1E9E5 /* UIButton.swift */; };
		0AD678AA1E75628B00E1E9E5 /* CAShapeLayer.swift in Sources */ = {isa = PBXBuildFile; fileRef = 0AD6787A1E75628B00E1E9E5 /* CAShapeLayer.swift */; };
		0AD678AB1E75628B00E1E9E5 /* CALayer.swift in Sources */ = {isa = PBXBuildFile; fileRef = 0AD6787B1E75628B00E1E9E5 /* CALayer.swift */; };
		0AD678AC1E75628B00E1E9E5 /* UIBezierPath.swift in Sources */ = {isa = PBXBuildFile; fileRef = 0AD6787C1E75628B00E1E9E5 /* UIBezierPath.swift */; };
		0AD678AD1E75628B00E1E9E5 /* UISlider.swift in Sources */ = {isa = PBXBuildFile; fileRef = 0AD6787D1E75628B00E1E9E5 /* UISlider.swift */; };
		0AD678AE1E75628B00E1E9E5 /* ImageFadeInHandler.swift in Sources */ = {isa = PBXBuildFile; fileRef = 0AD6787F1E75628B00E1E9E5 /* ImageFadeInHandler.swift */; };
		0AD678AF1E75628B00E1E9E5 /* ItemController.swift in Sources */ = {isa = PBXBuildFile; fileRef = 0AD678801E75628B00E1E9E5 /* ItemController.swift */; };
		0AD678B01E75628B00E1E9E5 /* ItemBaseController.swift in Sources */ = {isa = PBXBuildFile; fileRef = 0AD678811E75628B00E1E9E5 /* ItemBaseController.swift */; };
		0AD678B11E75628B00E1E9E5 /* ItemControllerDelegate.swift in Sources */ = {isa = PBXBuildFile; fileRef = 0AD678821E75628B00E1E9E5 /* ItemControllerDelegate.swift */; };
		0AD678B21E75628B00E1E9E5 /* ImageViewController.swift in Sources */ = {isa = PBXBuildFile; fileRef = 0AD678841E75628B00E1E9E5 /* ImageViewController.swift */; };
		0AD678B31E75628B00E1E9E5 /* VideoViewController.swift in Sources */ = {isa = PBXBuildFile; fileRef = 0AD678861E75628B00E1E9E5 /* VideoViewController.swift */; };
		0AD678B41E75628B00E1E9E5 /* VideoView.swift in Sources */ = {isa = PBXBuildFile; fileRef = 0AD678871E75628B00E1E9E5 /* VideoView.swift */; };
		0AD678B51E75628B00E1E9E5 /* VideoScrubber.swift in Sources */ = {isa = PBXBuildFile; fileRef = 0AD678881E75628B00E1E9E5 /* VideoScrubber.swift */; };
		0AD678B61E75628B00E1E9E5 /* Slider.swift in Sources */ = {isa = PBXBuildFile; fileRef = 0AD678891E75628B00E1E9E5 /* Slider.swift */; };
		0AD678B71E75628B00E1E9E5 /* LayoutEnums.swift in Sources */ = {isa = PBXBuildFile; fileRef = 0AD6788C1E75628B00E1E9E5 /* LayoutEnums.swift */; };
		0AD678B81E75628B00E1E9E5 /* GalleryItem.swift in Sources */ = {isa = PBXBuildFile; fileRef = 0AD6788E1E75628B00E1E9E5 /* GalleryItem.swift */; };
		0AD678B91E75628B00E1E9E5 /* GalleryViewController.swift in Sources */ = {isa = PBXBuildFile; fileRef = 0AD678901E75628B00E1E9E5 /* GalleryViewController.swift */; };
		0AD678BA1E75628B00E1E9E5 /* GalleryPagingDataSource.swift in Sources */ = {isa = PBXBuildFile; fileRef = 0AD678911E75628B00E1E9E5 /* GalleryPagingDataSource.swift */; };
		0AD678BB1E75628B00E1E9E5 /* GalleryItemsDataSource.swift in Sources */ = {isa = PBXBuildFile; fileRef = 0AD678931E75628B00E1E9E5 /* GalleryItemsDataSource.swift */; };
		0AD678BC1E75628B00E1E9E5 /* GalleryDisplacedViewsDataSource.swift in Sources */ = {isa = PBXBuildFile; fileRef = 0AD678941E75628B00E1E9E5 /* GalleryDisplacedViewsDataSource.swift */; };
		0AD678BD1E75628B00E1E9E5 /* GalleryItemsDelegate.swift in Sources */ = {isa = PBXBuildFile; fileRef = 0AD678951E75628B00E1E9E5 /* GalleryItemsDelegate.swift */; };
		0AD678BE1E75628B00E1E9E5 /* ThumbnailCell.swift in Sources */ = {isa = PBXBuildFile; fileRef = 0AD678971E75628B00E1E9E5 /* ThumbnailCell.swift */; };
		0AD678BF1E75628B00E1E9E5 /* ThumbnailsViewController.swift in Sources */ = {isa = PBXBuildFile; fileRef = 0AD678981E75628B00E1E9E5 /* ThumbnailsViewController.swift */; };
		0AD678C01E75628B00E1E9E5 /* GallerySwipeToDismissTransition.swift in Sources */ = {isa = PBXBuildFile; fileRef = 0AD6789A1E75628B00E1E9E5 /* GallerySwipeToDismissTransition.swift */; };
		0AD678C11E75628B00E1E9E5 /* UtilityFunctions.swift in Sources */ = {isa = PBXBuildFile; fileRef = 0AD6789C1E75628B00E1E9E5 /* UtilityFunctions.swift */; };
		0AD6AB981E4BA0EE00691146 /* SMSegment.swift in Sources */ = {isa = PBXBuildFile; fileRef = 0AD6AB961E4BA0EE00691146 /* SMSegment.swift */; };
		0AD6AB991E4BA0EE00691146 /* SMSegmentView.swift in Sources */ = {isa = PBXBuildFile; fileRef = 0AD6AB971E4BA0EE00691146 /* SMSegmentView.swift */; };
		0AD6AB9C1E4BA50200691146 /* SMSegmentAppearance.swift in Sources */ = {isa = PBXBuildFile; fileRef = 0AD6AB9A1E4BA50200691146 /* SMSegmentAppearance.swift */; };
		0AD6AB9D1E4BA50200691146 /* SMSegmentViewConstants.swift in Sources */ = {isa = PBXBuildFile; fileRef = 0AD6AB9B1E4BA50200691146 /* SMSegmentViewConstants.swift */; };
		0AD7A8901DC4B539001CDDC5 /* newsVC.swift in Sources */ = {isa = PBXBuildFile; fileRef = 0AD7A88F1DC4B539001CDDC5 /* newsVC.swift */; };
		0AD7A8921DC4B577001CDDC5 /* newsCell.swift in Sources */ = {isa = PBXBuildFile; fileRef = 0AD7A8911DC4B577001CDDC5 /* newsCell.swift */; };
		0AD7A8941DC4E23B001CDDC5 /* helper.swift in Sources */ = {isa = PBXBuildFile; fileRef = 0AD7A8931DC4E23B001CDDC5 /* helper.swift */; };
		0ADD41E31DBF767E0026B118 /* hashtagsVC.swift in Sources */ = {isa = PBXBuildFile; fileRef = 0ADD41E21DBF767E0026B118 /* hashtagsVC.swift */; };
		0AE0B0241E3154B50035EDDC /* tripDetailMapPOI4MapVC.swift in Sources */ = {isa = PBXBuildFile; fileRef = 0AE0B0231E3154B50035EDDC /* tripDetailMapPOI4MapVC.swift */; };
		0AE71F511E2CE3B500A5D2E9 /* tripDetailMapPOIVC.swift in Sources */ = {isa = PBXBuildFile; fileRef = 0AE71F501E2CE3B500A5D2E9 /* tripDetailMapPOIVC.swift */; };
		256CF4F329E424012BAFD3D1 /* Pods_tripinstagram.framework in Frameworks */ = {isa = PBXBuildFile; fileRef = 503628F8173689C10C0623D9 /* Pods_tripinstagram.framework */; };
/* End PBXBuildFile section */

/* Begin PBXFileReference section */
		0A0734201E38EBB200517E7B /* Info.plist */ = {isa = PBXFileReference; fileEncoding = 4; lastKnownFileType = text.plist.xml; path = Info.plist; sourceTree = "<group>"; };
		0A0734211E38EBB200517E7B /* UIImageView+extension.swift */ = {isa = PBXFileReference; fileEncoding = 4; lastKnownFileType = sourcecode.swift; path = "UIImageView+extension.swift"; sourceTree = "<group>"; };
		0A0734221E38EBB200517E7B /* ZoomInteractiveTransition.swift */ = {isa = PBXFileReference; fileEncoding = 4; lastKnownFileType = sourcecode.swift; path = ZoomInteractiveTransition.swift; sourceTree = "<group>"; };
		0A0734231E38EBB200517E7B /* ZoomNavigationControllerDelegate.swift */ = {isa = PBXFileReference; fileEncoding = 4; lastKnownFileType = sourcecode.swift; path = ZoomNavigationControllerDelegate.swift; sourceTree = "<group>"; };
		0A0734241E38EBB200517E7B /* ZoomTransitionDestinationDelegate.swift */ = {isa = PBXFileReference; fileEncoding = 4; lastKnownFileType = sourcecode.swift; path = ZoomTransitionDestinationDelegate.swift; sourceTree = "<group>"; };
		0A0734251E38EBB200517E7B /* ZoomTransitioning.h */ = {isa = PBXFileReference; fileEncoding = 4; lastKnownFileType = sourcecode.c.h; path = ZoomTransitioning.h; sourceTree = "<group>"; };
		0A0734261E38EBB200517E7B /* ZoomTransitioning.swift */ = {isa = PBXFileReference; fileEncoding = 4; lastKnownFileType = sourcecode.swift; path = ZoomTransitioning.swift; sourceTree = "<group>"; };
		0A0734271E38EBB200517E7B /* ZoomTransitionSourceDelegate.swift */ = {isa = PBXFileReference; fileEncoding = 4; lastKnownFileType = sourcecode.swift; path = ZoomTransitionSourceDelegate.swift; sourceTree = "<group>"; };
		0A07342F1E38EEF300517E7B /* tripDetailPhotoNC.swift */ = {isa = PBXFileReference; fileEncoding = 4; lastKnownFileType = sourcecode.swift; path = tripDetailPhotoNC.swift; sourceTree = "<group>"; };
		0A0734311E38F2FF00517E7B /* tabbartripDetailPhoto.swift */ = {isa = PBXFileReference; fileEncoding = 4; lastKnownFileType = sourcecode.swift; path = tabbartripDetailPhoto.swift; sourceTree = "<group>"; };
		0A07925E1E3A97480059A9BA /* tripinstagram.entitlements */ = {isa = PBXFileReference; lastKnownFileType = text.plist.entitlements; path = tripinstagram.entitlements; sourceTree = "<group>"; };
		0A07925F1E3E3BEA0059A9BA /* photoCameraVC.swift */ = {isa = PBXFileReference; fileEncoding = 4; lastKnownFileType = sourcecode.swift; path = photoCameraVC.swift; sourceTree = "<group>"; };
		0A0792601E3E3BEA0059A9BA /* photoVC.swift */ = {isa = PBXFileReference; fileEncoding = 4; lastKnownFileType = sourcecode.swift; path = photoVC.swift; sourceTree = "<group>"; };
		0A0D97AE1E49D4CC00FA9B7B /* IsoCountries.swift */ = {isa = PBXFileReference; fileEncoding = 4; lastKnownFileType = sourcecode.swift; path = IsoCountries.swift; sourceTree = "<group>"; };
		0A0D97AF1E49D4CC00FA9B7B /* IsoCountryCodes.swift */ = {isa = PBXFileReference; fileEncoding = 4; lastKnownFileType = sourcecode.swift; path = IsoCountryCodes.swift; sourceTree = "<group>"; };
		0A11CD231E0ACECF00D52868 /* spentCell.swift */ = {isa = PBXFileReference; fileEncoding = 4; lastKnownFileType = sourcecode.swift; path = spentCell.swift; sourceTree = "<group>"; };
		0A11CD251E0AD01C00D52868 /* spentsVC.swift */ = {isa = PBXFileReference; fileEncoding = 4; lastKnownFileType = sourcecode.swift; path = spentsVC.swift; sourceTree = "<group>"; };
		0A1226541E5C5420002197B9 /* feedCell.swift */ = {isa = PBXFileReference; fileEncoding = 4; lastKnownFileType = sourcecode.swift; path = feedCell.swift; sourceTree = "<group>"; };
		0A1D9F391DB2ABBC0002BAD1 /* pictureCell.swift */ = {isa = PBXFileReference; fileEncoding = 4; lastKnownFileType = sourcecode.swift; path = pictureCell.swift; sourceTree = "<group>"; };
		0A1D9F3D1DB6AFA10002BAD1 /* followersVC.swift */ = {isa = PBXFileReference; fileEncoding = 4; lastKnownFileType = sourcecode.swift; path = followersVC.swift; sourceTree = "<group>"; };
		0A1D9F3F1DB6AFE30002BAD1 /* followersCell.swift */ = {isa = PBXFileReference; fileEncoding = 4; lastKnownFileType = sourcecode.swift; path = followersCell.swift; sourceTree = "<group>"; };
		0A1D9F411DB78BA30002BAD1 /* guestVC.swift */ = {isa = PBXFileReference; fileEncoding = 4; lastKnownFileType = sourcecode.swift; path = guestVC.swift; sourceTree = "<group>"; };
		0A1D9F431DB8CEC60002BAD1 /* editVC.swift */ = {isa = PBXFileReference; fileEncoding = 4; lastKnownFileType = sourcecode.swift; path = editVC.swift; sourceTree = "<group>"; };
		0A1D9F471DB9F2D10002BAD1 /* uploadVC.swift */ = {isa = PBXFileReference; fileEncoding = 4; lastKnownFileType = sourcecode.swift; path = uploadVC.swift; sourceTree = "<group>"; };
		0A1D9F491DBA4BA50002BAD1 /* postVC.swift */ = {isa = PBXFileReference; fileEncoding = 4; lastKnownFileType = sourcecode.swift; path = postVC.swift; sourceTree = "<group>"; };
		0A1D9F4B1DBA4BD90002BAD1 /* postCell.swift */ = {isa = PBXFileReference; fileEncoding = 4; lastKnownFileType = sourcecode.swift; path = postCell.swift; sourceTree = "<group>"; };
		0A1E9D5A1DBBE2FC00080209 /* navVC.swift */ = {isa = PBXFileReference; fileEncoding = 4; lastKnownFileType = sourcecode.swift; path = navVC.swift; sourceTree = "<group>"; };
		0A1E9D5C1DBBE33B00080209 /* tabbarVC.swift */ = {isa = PBXFileReference; fileEncoding = 4; lastKnownFileType = sourcecode.swift; path = tabbarVC.swift; sourceTree = "<group>"; };
		0A1E9D5E1DBC8B9F00080209 /* commentVC.swift */ = {isa = PBXFileReference; fileEncoding = 4; lastKnownFileType = sourcecode.swift; path = commentVC.swift; sourceTree = "<group>"; };
		0A1E9D601DBC8BDC00080209 /* commentCell.swift */ = {isa = PBXFileReference; fileEncoding = 4; lastKnownFileType = sourcecode.swift; path = commentCell.swift; sourceTree = "<group>"; };
		0A1E9D621DBD32A400080209 /* tripinstagram-Bridging-Header.h */ = {isa = PBXFileReference; lastKnownFileType = sourcecode.c.h; name = "tripinstagram-Bridging-Header.h"; path = "tripinstagram/tripinstagram-Bridging-Header.h"; sourceTree = "<group>"; };
		0A1E9D631DBD32A500080209 /* KILabel.h */ = {isa = PBXFileReference; fileEncoding = 4; lastKnownFileType = sourcecode.c.h; name = KILabel.h; path = tripinstagram/KILabel.h; sourceTree = "<group>"; };
		0A1E9D641DBD32A500080209 /* KILabel.m */ = {isa = PBXFileReference; fileEncoding = 4; lastKnownFileType = sourcecode.c.objc; name = KILabel.m; path = tripinstagram/KILabel.m; sourceTree = "<group>"; };
		0A21870B1E48E6FE00496620 /* FlagKit.xcassets */ = {isa = PBXFileReference; lastKnownFileType = folder.assetcatalog; path = FlagKit.xcassets; sourceTree = "<group>"; };
		0A32E22D1DE49667006DC92E /* TimeFrameVC.swift */ = {isa = PBXFileReference; fileEncoding = 4; lastKnownFileType = sourcecode.swift; path = TimeFrameVC.swift; sourceTree = "<group>"; };
		0A3B76F61DE1C96900A60659 /* RatingViewController.swift */ = {isa = PBXFileReference; fileEncoding = 4; lastKnownFileType = sourcecode.swift; path = RatingViewController.swift; sourceTree = "<group>"; };
		0A3B76F71DE1C96900A60659 /* RatingViewController.xib */ = {isa = PBXFileReference; fileEncoding = 4; lastKnownFileType = file.xib; path = RatingViewController.xib; sourceTree = "<group>"; };
		0A3EFBFB1E33507300C21FDB /* SplashVC.swift */ = {isa = PBXFileReference; fileEncoding = 4; lastKnownFileType = sourcecode.swift; path = SplashVC.swift; sourceTree = "<group>"; };
		0A413D261E13EEA10090B78B /* DatePickerDialog.swift */ = {isa = PBXFileReference; fileEncoding = 4; lastKnownFileType = sourcecode.swift; name = DatePickerDialog.swift; path = /Users/ejko/Desktop/XCode10/tripinstagram/tripinstagram/DatePickerDialog.swift; sourceTree = "<absolute>"; };
		0A4170BC1E2A368E00AB473F /* tripDetailMapPOIDescVC.swift */ = {isa = PBXFileReference; fileEncoding = 4; lastKnownFileType = sourcecode.swift; path = tripDetailMapPOIDescVC.swift; sourceTree = "<group>"; };
		0A430BD21E0C2A3B00D4BF6B /* spentHeaderCell.swift */ = {isa = PBXFileReference; fileEncoding = 4; lastKnownFileType = sourcecode.swift; path = spentHeaderCell.swift; sourceTree = "<group>"; };
		0A431AD51E4C890E00F22575 /* itineraryVC.swift */ = {isa = PBXFileReference; fileEncoding = 4; lastKnownFileType = sourcecode.swift; path = itineraryVC.swift; sourceTree = "<group>"; };
		0A431AD71E4CA07F00F22575 /* tripMapMasterVC.swift */ = {isa = PBXFileReference; fileEncoding = 4; lastKnownFileType = sourcecode.swift; path = tripMapMasterVC.swift; sourceTree = "<group>"; };
		0A431AD91E4DDB8700F22575 /* TabySegmentedControl.swift */ = {isa = PBXFileReference; fileEncoding = 4; lastKnownFileType = sourcecode.swift; path = TabySegmentedControl.swift; sourceTree = "<group>"; };
		0A45DE4E1E18218100F3D47B /* tripsListHeaderCell.swift */ = {isa = PBXFileReference; fileEncoding = 4; lastKnownFileType = sourcecode.swift; path = tripsListHeaderCell.swift; sourceTree = "<group>"; };
		0A45DE501E18296300F3D47B /* tripsListCell.swift */ = {isa = PBXFileReference; fileEncoding = 4; lastKnownFileType = sourcecode.swift; path = tripsListCell.swift; sourceTree = "<group>"; };
		0A4812FE1E392D2600635270 /* tripDetailsPhotoCollectionVC.swift */ = {isa = PBXFileReference; fileEncoding = 4; lastKnownFileType = sourcecode.swift; path = tripDetailsPhotoCollectionVC.swift; sourceTree = "<group>"; };
		0A4813001E392EAE00635270 /* tripDetailPhotoViewCell.swift */ = {isa = PBXFileReference; fileEncoding = 4; lastKnownFileType = sourcecode.swift; path = tripDetailPhotoViewCell.swift; sourceTree = "<group>"; };
		0A4813021E393F6F00635270 /* tripDetailPhotoDetailVC.swift */ = {isa = PBXFileReference; fileEncoding = 4; lastKnownFileType = sourcecode.swift; path = tripDetailPhotoDetailVC.swift; sourceTree = "<group>"; };
		0A4939501E4F0E0D006D9218 /* itineraryCell.swift */ = {isa = PBXFileReference; fileEncoding = 4; lastKnownFileType = sourcecode.swift; path = itineraryCell.swift; sourceTree = "<group>"; };
		0A4939521E4F3A0C006D9218 /* itineraryHeaderCell.swift */ = {isa = PBXFileReference; fileEncoding = 4; lastKnownFileType = sourcecode.swift; path = itineraryHeaderCell.swift; sourceTree = "<group>"; };
		0A4939541E507744006D9218 /* itineraryFooterCell.swift */ = {isa = PBXFileReference; fileEncoding = 4; lastKnownFileType = sourcecode.swift; path = itineraryFooterCell.swift; sourceTree = "<group>"; };
		0A4939561E559CE1006D9218 /* CosmosDistrib.swift */ = {isa = PBXFileReference; fileEncoding = 4; lastKnownFileType = sourcecode.swift; path = CosmosDistrib.swift; sourceTree = "<group>"; };
		0A50EAAF1E27FEF90080ACCB /* tripDetailMapSearchHistory.swift */ = {isa = PBXFileReference; fileEncoding = 4; lastKnownFileType = sourcecode.swift; path = tripDetailMapSearchHistory.swift; sourceTree = "<group>"; };
		0A50EAB11E27FFA90080ACCB /* tripDetailMapLocationSearchTable.swift */ = {isa = PBXFileReference; fileEncoding = 4; lastKnownFileType = sourcecode.swift; path = tripDetailMapLocationSearchTable.swift; sourceTree = "<group>"; };
		0A50EAB31E2800FA0080ACCB /* tripDetailHandleMapSearchVC.swift */ = {isa = PBXFileReference; fileEncoding = 4; lastKnownFileType = sourcecode.swift; path = tripDetailHandleMapSearchVC.swift; sourceTree = "<group>"; };
		0A53145F1DC1F52D00604F69 /* feedVC.swift */ = {isa = PBXFileReference; fileEncoding = 4; lastKnownFileType = sourcecode.swift; path = feedVC.swift; sourceTree = "<group>"; };
		0A5314611DC2339800604F69 /* usersVC.swift */ = {isa = PBXFileReference; fileEncoding = 4; lastKnownFileType = sourcecode.swift; path = usersVC.swift; sourceTree = "<group>"; };
		0A55339A1E1AA8A60013CCF1 /* menuListVC.swift */ = {isa = PBXFileReference; fileEncoding = 4; lastKnownFileType = sourcecode.swift; path = menuListVC.swift; sourceTree = "<group>"; };
		0A5BCD171E22421500903D87 /* tripDetailMapVC.swift */ = {isa = PBXFileReference; fileEncoding = 4; lastKnownFileType = sourcecode.swift; path = tripDetailMapVC.swift; sourceTree = "<group>"; };
		0A65F7971E13F3DD00A3548E /* ExpandingMenu.framework */ = {isa = PBXFileReference; lastKnownFileType = wrapper.framework; name = ExpandingMenu.framework; path = "Pods/../build/Debug-iphoneos/ExpandingMenu/ExpandingMenu.framework"; sourceTree = "<group>"; };
		0A81F2A31DCD28900073063D /* PopupDialog.framework */ = {isa = PBXFileReference; lastKnownFileType = wrapper.framework; name = PopupDialog.framework; path = "../../../Library/Developer/Xcode/DerivedData/tripinstagram-esugouffqwowrsefrbfyxxyheuxs/Build/Products/Debug-iphonesimulator/PopupDialog/PopupDialog.framework"; sourceTree = "<group>"; };
		0A81F2A51DCE17630073063D /* rateVC.swift */ = {isa = PBXFileReference; fileEncoding = 4; lastKnownFileType = sourcecode.swift; path = rateVC.swift; sourceTree = "<group>"; };
		0A81F2A71DCE18380073063D /* rateCell.swift */ = {isa = PBXFileReference; fileEncoding = 4; lastKnownFileType = sourcecode.swift; path = rateCell.swift; sourceTree = "<group>"; };
		0A8626301DB0BDE30001C1EE /* tripinstagram.app */ = {isa = PBXFileReference; explicitFileType = wrapper.application; includeInIndex = 0; path = tripinstagram.app; sourceTree = BUILT_PRODUCTS_DIR; };
		0A8626331DB0BDE30001C1EE /* AppDelegate.swift */ = {isa = PBXFileReference; lastKnownFileType = sourcecode.swift; path = AppDelegate.swift; sourceTree = "<group>"; };
		0A8626381DB0BDE30001C1EE /* Base */ = {isa = PBXFileReference; lastKnownFileType = file.storyboard; name = Base; path = Base.lproj/Main.storyboard; sourceTree = "<group>"; };
		0A86263A1DB0BDE30001C1EE /* Assets.xcassets */ = {isa = PBXFileReference; lastKnownFileType = folder.assetcatalog; path = Assets.xcassets; sourceTree = "<group>"; };
		0A86263D1DB0BDE30001C1EE /* Base */ = {isa = PBXFileReference; lastKnownFileType = file.storyboard; name = Base; path = Base.lproj/LaunchScreen.storyboard; sourceTree = "<group>"; };
		0A86263F1DB0BDE30001C1EE /* Info.plist */ = {isa = PBXFileReference; lastKnownFileType = text.plist.xml; path = Info.plist; sourceTree = "<group>"; };
		0A8626461DB0BE430001C1EE /* libsqlite3.tbd */ = {isa = PBXFileReference; lastKnownFileType = "sourcecode.text-based-dylib-definition"; name = libsqlite3.tbd; path = usr/lib/libsqlite3.tbd; sourceTree = SDKROOT; };
		0A8626481DB0BE530001C1EE /* libz.tbd */ = {isa = PBXFileReference; lastKnownFileType = "sourcecode.text-based-dylib-definition"; name = libz.tbd; path = usr/lib/libz.tbd; sourceTree = SDKROOT; };
		0A86264A1DB0BE730001C1EE /* AudioToolbox.framework */ = {isa = PBXFileReference; lastKnownFileType = wrapper.framework; name = AudioToolbox.framework; path = System/Library/Frameworks/AudioToolbox.framework; sourceTree = SDKROOT; };
		0A86264C1DB0BE850001C1EE /* CFNetwork.framework */ = {isa = PBXFileReference; lastKnownFileType = wrapper.framework; name = CFNetwork.framework; path = System/Library/Frameworks/CFNetwork.framework; sourceTree = SDKROOT; };
		0A86264E1DB0BE960001C1EE /* CoreGraphics.framework */ = {isa = PBXFileReference; lastKnownFileType = wrapper.framework; name = CoreGraphics.framework; path = System/Library/Frameworks/CoreGraphics.framework; sourceTree = SDKROOT; };
		0A8626501DB0BEAA0001C1EE /* CoreLocation.framework */ = {isa = PBXFileReference; lastKnownFileType = wrapper.framework; name = CoreLocation.framework; path = System/Library/Frameworks/CoreLocation.framework; sourceTree = SDKROOT; };
		0A8626521DB0BEBB0001C1EE /* QuartzCore.framework */ = {isa = PBXFileReference; lastKnownFileType = wrapper.framework; name = QuartzCore.framework; path = System/Library/Frameworks/QuartzCore.framework; sourceTree = SDKROOT; };
		0A8626541DB0BECD0001C1EE /* Security.framework */ = {isa = PBXFileReference; lastKnownFileType = wrapper.framework; name = Security.framework; path = System/Library/Frameworks/Security.framework; sourceTree = SDKROOT; };
		0A8626561DB0BEDF0001C1EE /* StoreKit.framework */ = {isa = PBXFileReference; lastKnownFileType = wrapper.framework; name = StoreKit.framework; path = System/Library/Frameworks/StoreKit.framework; sourceTree = SDKROOT; };
		0A8626581DB0BEEF0001C1EE /* SystemConfiguration.framework */ = {isa = PBXFileReference; lastKnownFileType = wrapper.framework; name = SystemConfiguration.framework; path = System/Library/Frameworks/SystemConfiguration.framework; sourceTree = SDKROOT; };
		0A86265A1DB0C3B50001C1EE /* Bolts.framework */ = {isa = PBXFileReference; lastKnownFileType = wrapper.framework; name = Bolts.framework; path = tripinstagram/Bolts.framework; sourceTree = "<group>"; };
		0A86265B1DB0C3B50001C1EE /* Parse.framework */ = {isa = PBXFileReference; lastKnownFileType = wrapper.framework; name = Parse.framework; path = tripinstagram/Parse.framework; sourceTree = "<group>"; };
		0A86265E1DB0D9DC0001C1EE /* singInVC.swift */ = {isa = PBXFileReference; fileEncoding = 4; lastKnownFileType = sourcecode.swift; path = singInVC.swift; sourceTree = "<group>"; };
		0A8626621DB0DA350001C1EE /* resetPasswordVC.swift */ = {isa = PBXFileReference; fileEncoding = 4; lastKnownFileType = sourcecode.swift; path = resetPasswordVC.swift; sourceTree = "<group>"; };
		0A8626641DB147B40001C1EE /* signUPVC.swift */ = {isa = PBXFileReference; fileEncoding = 4; lastKnownFileType = sourcecode.swift; path = signUPVC.swift; sourceTree = "<group>"; };
		0A8626681DB285430001C1EE /* Pacifico.ttf */ = {isa = PBXFileReference; lastKnownFileType = file; path = Pacifico.ttf; sourceTree = "<group>"; };
		0A86266E1DB2A5DC0001C1EE /* homeVC.swift */ = {isa = PBXFileReference; fileEncoding = 4; lastKnownFileType = sourcecode.swift; path = homeVC.swift; sourceTree = "<group>"; };
		0A8626701DB2A62D0001C1EE /* headerView.swift */ = {isa = PBXFileReference; fileEncoding = 4; lastKnownFileType = sourcecode.swift; path = headerView.swift; sourceTree = "<group>"; };
		0A8677B71E04115B00A44177 /* tripMapVC.swift */ = {isa = PBXFileReference; fileEncoding = 4; lastKnownFileType = sourcecode.swift; path = tripMapVC.swift; sourceTree = "<group>"; };
		0A88522A1E7ABBE800D1B48C /* addPhotoGalleryVC.swift */ = {isa = PBXFileReference; fileEncoding = 4; lastKnownFileType = sourcecode.swift; path = addPhotoGalleryVC.swift; sourceTree = "<group>"; };
		0A88522C1E826A5200D1B48C /* quantityTVC.swift */ = {isa = PBXFileReference; fileEncoding = 4; lastKnownFileType = sourcecode.swift; path = quantityTVC.swift; sourceTree = "<group>"; };
		0A885C061DE9FE790036CA0F /* uploadEditVC.swift */ = {isa = PBXFileReference; fileEncoding = 4; lastKnownFileType = sourcecode.swift; path = uploadEditVC.swift; sourceTree = "<group>"; };
		0A97C5A91E23C7CF00F40048 /* tabbartripDetailMap.swift */ = {isa = PBXFileReference; fileEncoding = 4; lastKnownFileType = sourcecode.swift; path = tabbartripDetailMap.swift; sourceTree = "<group>"; };
		0A97C5AB1E26A67B00F40048 /* tripDetailMapPOIListVC.swift */ = {isa = PBXFileReference; fileEncoding = 4; lastKnownFileType = sourcecode.swift; path = tripDetailMapPOIListVC.swift; sourceTree = "<group>"; };
		0A97C5AD1E26C4DA00F40048 /* tripDetailMapPOIListCell.swift */ = {isa = PBXFileReference; fileEncoding = 4; lastKnownFileType = sourcecode.swift; path = tripDetailMapPOIListCell.swift; sourceTree = "<group>"; };
		0A9827891DE318C9008C6C0C /* GLCalendarDateRange.h */ = {isa = PBXFileReference; fileEncoding = 4; lastKnownFileType = sourcecode.c.h; path = GLCalendarDateRange.h; sourceTree = "<group>"; };
		0A98278A1DE318C9008C6C0C /* GLCalendarDateRange.m */ = {isa = PBXFileReference; fileEncoding = 4; lastKnownFileType = sourcecode.c.objc; path = GLCalendarDateRange.m; sourceTree = "<group>"; };
		0A98278C1DE318C9008C6C0C /* GLCalendarDayCell.h */ = {isa = PBXFileReference; fileEncoding = 4; lastKnownFileType = sourcecode.c.h; path = GLCalendarDayCell.h; sourceTree = "<group>"; };
		0A98278D1DE318C9008C6C0C /* GLCalendarDayCell.m */ = {isa = PBXFileReference; fileEncoding = 4; lastKnownFileType = sourcecode.c.objc; path = GLCalendarDayCell.m; sourceTree = "<group>"; };
		0A98278E1DE318C9008C6C0C /* GLCalendarDayCell.xib */ = {isa = PBXFileReference; fileEncoding = 4; lastKnownFileType = file.xib; path = GLCalendarDayCell.xib; sourceTree = "<group>"; };
		0A98278F1DE318C9008C6C0C /* GLCalendarDayCellBackgroundCover.h */ = {isa = PBXFileReference; fileEncoding = 4; lastKnownFileType = sourcecode.c.h; path = GLCalendarDayCellBackgroundCover.h; sourceTree = "<group>"; };
		0A9827901DE318C9008C6C0C /* GLCalendarDayCellBackgroundCover.m */ = {isa = PBXFileReference; fileEncoding = 4; lastKnownFileType = sourcecode.c.objc; path = GLCalendarDayCellBackgroundCover.m; sourceTree = "<group>"; };
		0A9827911DE318C9008C6C0C /* GLCalendarMonthCoverView.h */ = {isa = PBXFileReference; fileEncoding = 4; lastKnownFileType = sourcecode.c.h; path = GLCalendarMonthCoverView.h; sourceTree = "<group>"; };
		0A9827921DE318C9008C6C0C /* GLCalendarMonthCoverView.m */ = {isa = PBXFileReference; fileEncoding = 4; lastKnownFileType = sourcecode.c.objc; path = GLCalendarMonthCoverView.m; sourceTree = "<group>"; };
		0A9827931DE318C9008C6C0C /* GLCalendarView.h */ = {isa = PBXFileReference; fileEncoding = 4; lastKnownFileType = sourcecode.c.h; path = GLCalendarView.h; sourceTree = "<group>"; };
		0A9827941DE318C9008C6C0C /* GLCalendarView.m */ = {isa = PBXFileReference; fileEncoding = 4; lastKnownFileType = sourcecode.c.objc; path = GLCalendarView.m; sourceTree = "<group>"; };
		0A9827951DE318C9008C6C0C /* GLCalendarView.xib */ = {isa = PBXFileReference; fileEncoding = 4; lastKnownFileType = file.xib; path = GLCalendarView.xib; sourceTree = "<group>"; };
		0A9827961DE318C9008C6C0C /* GLDateUtils.h */ = {isa = PBXFileReference; fileEncoding = 4; lastKnownFileType = sourcecode.c.h; path = GLDateUtils.h; sourceTree = "<group>"; };
		0A9827971DE318C9008C6C0C /* GLDateUtils.m */ = {isa = PBXFileReference; fileEncoding = 4; lastKnownFileType = sourcecode.c.objc; path = GLDateUtils.m; sourceTree = "<group>"; };
		0A9827991DE318C9008C6C0C /* gl-calendar-magnify-glass.png */ = {isa = PBXFileReference; lastKnownFileType = image.png; path = "gl-calendar-magnify-glass.png"; sourceTree = "<group>"; };
		0A98279A1DE318C9008C6C0C /* gl-calendar-magnify-glass@2x.png */ = {isa = PBXFileReference; lastKnownFileType = image.png; path = "gl-calendar-magnify-glass@2x.png"; sourceTree = "<group>"; };
		0A98279B1DE318C9008C6C0C /* gl-calendar-shadow.png */ = {isa = PBXFileReference; lastKnownFileType = image.png; path = "gl-calendar-shadow.png"; sourceTree = "<group>"; };
		0A98279C1DE318C9008C6C0C /* gl-calendar-shadow@2x.png */ = {isa = PBXFileReference; lastKnownFileType = image.png; path = "gl-calendar-shadow@2x.png"; sourceTree = "<group>"; };
		0A98279D1DE318C9008C6C0C /* gl-calendar-shadow@3x.png */ = {isa = PBXFileReference; lastKnownFileType = image.png; path = "gl-calendar-shadow@3x.png"; sourceTree = "<group>"; };
		0AA0C3B21E18033500790BD8 /* tripsListVC.swift */ = {isa = PBXFileReference; fileEncoding = 4; lastKnownFileType = sourcecode.swift; path = tripsListVC.swift; sourceTree = "<group>"; };
		0AA6C95F1E89423C0084012C /* countriesTVC.swift */ = {isa = PBXFileReference; fileEncoding = 4; lastKnownFileType = sourcecode.swift; path = countriesTVC.swift; sourceTree = "<group>"; };
		0AA6C9611E8946030084012C /* countriesCell.swift */ = {isa = PBXFileReference; fileEncoding = 4; lastKnownFileType = sourcecode.swift; path = countriesCell.swift; sourceTree = "<group>"; };
		0AAA5E4F1E1294D200D42657 /* spentVC.swift */ = {isa = PBXFileReference; fileEncoding = 4; lastKnownFileType = sourcecode.swift; path = spentVC.swift; sourceTree = "<group>"; };
		0AAA5E521E1298E500D42657 /* DLRadioButton.h */ = {isa = PBXFileReference; fileEncoding = 4; lastKnownFileType = sourcecode.c.h; path = DLRadioButton.h; sourceTree = "<group>"; };
		0AAA5E531E1298E500D42657 /* DLRadioButton.m */ = {isa = PBXFileReference; fileEncoding = 4; lastKnownFileType = sourcecode.c.objc; path = DLRadioButton.m; sourceTree = "<group>"; };
		0AB078251E1D37F2003CA409 /* PBRevealViewController.h */ = {isa = PBXFileReference; fileEncoding = 4; lastKnownFileType = sourcecode.c.h; path = PBRevealViewController.h; sourceTree = "<group>"; };
		0AB078261E1D37F2003CA409 /* PBRevealViewController.m */ = {isa = PBXFileReference; fileEncoding = 4; lastKnownFileType = sourcecode.c.objc; path = PBRevealViewController.m; sourceTree = "<group>"; };
		0AC9D3CB1E8519120027520F /* quantityLevelTVC.swift */ = {isa = PBXFileReference; fileEncoding = 4; lastKnownFileType = sourcecode.swift; path = quantityLevelTVC.swift; sourceTree = "<group>"; };
		0AD678641E755D8E00E1E9E5 /* PromoContentViewController.swift */ = {isa = PBXFileReference; fileEncoding = 4; lastKnownFileType = sourcecode.swift; path = PromoContentViewController.swift; sourceTree = "<group>"; };
		0AD678651E755D8E00E1E9E5 /* HomeViewController.swift */ = {isa = PBXFileReference; fileEncoding = 4; lastKnownFileType = sourcecode.swift; path = HomeViewController.swift; sourceTree = "<group>"; };
		0AD678661E755D8E00E1E9E5 /* PhotoCollectionViewCell.swift */ = {isa = PBXFileReference; fileEncoding = 4; lastKnownFileType = sourcecode.swift; path = PhotoCollectionViewCell.swift; sourceTree = "<group>"; };
		0AD6786B1E75620C00E1E9E5 /* CounterView.swift */ = {isa = PBXFileReference; fileEncoding = 4; lastKnownFileType = sourcecode.swift; path = CounterView.swift; sourceTree = "<group>"; };
		0AD6786D1E75628B00E1E9E5 /* BlurView.swift */ = {isa = PBXFileReference; fileEncoding = 4; lastKnownFileType = sourcecode.swift; path = BlurView.swift; sourceTree = "<group>"; };
		0AD6786E1E75628B00E1E9E5 /* GalleryConfiguration.swift */ = {isa = PBXFileReference; fileEncoding = 4; lastKnownFileType = sourcecode.swift; path = GalleryConfiguration.swift; sourceTree = "<group>"; };
		0AD678701E75628B00E1E9E5 /* Bool.swift */ = {isa = PBXFileReference; fileEncoding = 4; lastKnownFileType = sourcecode.swift; path = Bool.swift; sourceTree = "<group>"; };
		0AD678711E75628B00E1E9E5 /* AVPlayer.swift */ = {isa = PBXFileReference; fileEncoding = 4; lastKnownFileType = sourcecode.swift; path = AVPlayer.swift; sourceTree = "<group>"; };
		0AD678721E75628B00E1E9E5 /* CGSize.swift */ = {isa = PBXFileReference; fileEncoding = 4; lastKnownFileType = sourcecode.swift; path = CGSize.swift; sourceTree = "<group>"; };
		0AD678731E75628B00E1E9E5 /* CGRect.swift */ = {isa = PBXFileReference; fileEncoding = 4; lastKnownFileType = sourcecode.swift; path = CGRect.swift; sourceTree = "<group>"; };
		0AD678741E75628B00E1E9E5 /* CGPoint.swift */ = {isa = PBXFileReference; fileEncoding = 4; lastKnownFileType = sourcecode.swift; path = CGPoint.swift; sourceTree = "<group>"; };
		0AD678751E75628B00E1E9E5 /* UIView.swift */ = {isa = PBXFileReference; fileEncoding = 4; lastKnownFileType = sourcecode.swift; path = UIView.swift; sourceTree = "<group>"; };
		0AD678761E75628B00E1E9E5 /* UIImageView.swift */ = {isa = PBXFileReference; fileEncoding = 4; lastKnownFileType = sourcecode.swift; path = UIImageView.swift; sourceTree = "<group>"; };
		0AD678771E75628B00E1E9E5 /* UIViewController.swift */ = {isa = PBXFileReference; fileEncoding = 4; lastKnownFileType = sourcecode.swift; path = UIViewController.swift; sourceTree = "<group>"; };
		0AD678781E75628B00E1E9E5 /* UIApplication.swift */ = {isa = PBXFileReference; fileEncoding = 4; lastKnownFileType = sourcecode.swift; path = UIApplication.swift; sourceTree = "<group>"; };
		0AD678791E75628B00E1E9E5 /* UIButton.swift */ = {isa = PBXFileReference; fileEncoding = 4; lastKnownFileType = sourcecode.swift; path = UIButton.swift; sourceTree = "<group>"; };
		0AD6787A1E75628B00E1E9E5 /* CAShapeLayer.swift */ = {isa = PBXFileReference; fileEncoding = 4; lastKnownFileType = sourcecode.swift; path = CAShapeLayer.swift; sourceTree = "<group>"; };
		0AD6787B1E75628B00E1E9E5 /* CALayer.swift */ = {isa = PBXFileReference; fileEncoding = 4; lastKnownFileType = sourcecode.swift; path = CALayer.swift; sourceTree = "<group>"; };
		0AD6787C1E75628B00E1E9E5 /* UIBezierPath.swift */ = {isa = PBXFileReference; fileEncoding = 4; lastKnownFileType = sourcecode.swift; path = UIBezierPath.swift; sourceTree = "<group>"; };
		0AD6787D1E75628B00E1E9E5 /* UISlider.swift */ = {isa = PBXFileReference; fileEncoding = 4; lastKnownFileType = sourcecode.swift; path = UISlider.swift; sourceTree = "<group>"; };
		0AD6787F1E75628B00E1E9E5 /* ImageFadeInHandler.swift */ = {isa = PBXFileReference; fileEncoding = 4; lastKnownFileType = sourcecode.swift; path = ImageFadeInHandler.swift; sourceTree = "<group>"; };
		0AD678801E75628B00E1E9E5 /* ItemController.swift */ = {isa = PBXFileReference; fileEncoding = 4; lastKnownFileType = sourcecode.swift; path = ItemController.swift; sourceTree = "<group>"; };
		0AD678811E75628B00E1E9E5 /* ItemBaseController.swift */ = {isa = PBXFileReference; fileEncoding = 4; lastKnownFileType = sourcecode.swift; path = ItemBaseController.swift; sourceTree = "<group>"; };
		0AD678821E75628B00E1E9E5 /* ItemControllerDelegate.swift */ = {isa = PBXFileReference; fileEncoding = 4; lastKnownFileType = sourcecode.swift; path = ItemControllerDelegate.swift; sourceTree = "<group>"; };
		0AD678841E75628B00E1E9E5 /* ImageViewController.swift */ = {isa = PBXFileReference; fileEncoding = 4; lastKnownFileType = sourcecode.swift; path = ImageViewController.swift; sourceTree = "<group>"; };
		0AD678861E75628B00E1E9E5 /* VideoViewController.swift */ = {isa = PBXFileReference; fileEncoding = 4; lastKnownFileType = sourcecode.swift; path = VideoViewController.swift; sourceTree = "<group>"; };
		0AD678871E75628B00E1E9E5 /* VideoView.swift */ = {isa = PBXFileReference; fileEncoding = 4; lastKnownFileType = sourcecode.swift; path = VideoView.swift; sourceTree = "<group>"; };
		0AD678881E75628B00E1E9E5 /* VideoScrubber.swift */ = {isa = PBXFileReference; fileEncoding = 4; lastKnownFileType = sourcecode.swift; path = VideoScrubber.swift; sourceTree = "<group>"; };
		0AD678891E75628B00E1E9E5 /* Slider.swift */ = {isa = PBXFileReference; fileEncoding = 4; lastKnownFileType = sourcecode.swift; path = Slider.swift; sourceTree = "<group>"; };
		0AD6788C1E75628B00E1E9E5 /* LayoutEnums.swift */ = {isa = PBXFileReference; fileEncoding = 4; lastKnownFileType = sourcecode.swift; path = LayoutEnums.swift; sourceTree = "<group>"; };
		0AD6788E1E75628B00E1E9E5 /* GalleryItem.swift */ = {isa = PBXFileReference; fileEncoding = 4; lastKnownFileType = sourcecode.swift; name = GalleryItem.swift; path = Source/GalleryItem.swift; sourceTree = "<group>"; };
		0AD678901E75628B00E1E9E5 /* GalleryViewController.swift */ = {isa = PBXFileReference; fileEncoding = 4; lastKnownFileType = sourcecode.swift; path = GalleryViewController.swift; sourceTree = "<group>"; };
		0AD678911E75628B00E1E9E5 /* GalleryPagingDataSource.swift */ = {isa = PBXFileReference; fileEncoding = 4; lastKnownFileType = sourcecode.swift; path = GalleryPagingDataSource.swift; sourceTree = "<group>"; };
		0AD678931E75628B00E1E9E5 /* GalleryItemsDataSource.swift */ = {isa = PBXFileReference; fileEncoding = 4; lastKnownFileType = sourcecode.swift; path = GalleryItemsDataSource.swift; sourceTree = "<group>"; };
		0AD678941E75628B00E1E9E5 /* GalleryDisplacedViewsDataSource.swift */ = {isa = PBXFileReference; fileEncoding = 4; lastKnownFileType = sourcecode.swift; path = GalleryDisplacedViewsDataSource.swift; sourceTree = "<group>"; };
		0AD678951E75628B00E1E9E5 /* GalleryItemsDelegate.swift */ = {isa = PBXFileReference; fileEncoding = 4; lastKnownFileType = sourcecode.swift; path = GalleryItemsDelegate.swift; sourceTree = "<group>"; };
		0AD678971E75628B00E1E9E5 /* ThumbnailCell.swift */ = {isa = PBXFileReference; fileEncoding = 4; lastKnownFileType = sourcecode.swift; path = ThumbnailCell.swift; sourceTree = "<group>"; };
		0AD678981E75628B00E1E9E5 /* ThumbnailsViewController.swift */ = {isa = PBXFileReference; fileEncoding = 4; lastKnownFileType = sourcecode.swift; path = ThumbnailsViewController.swift; sourceTree = "<group>"; };
		0AD6789A1E75628B00E1E9E5 /* GallerySwipeToDismissTransition.swift */ = {isa = PBXFileReference; fileEncoding = 4; lastKnownFileType = sourcecode.swift; path = GallerySwipeToDismissTransition.swift; sourceTree = "<group>"; };
		0AD6789C1E75628B00E1E9E5 /* UtilityFunctions.swift */ = {isa = PBXFileReference; fileEncoding = 4; lastKnownFileType = sourcecode.swift; path = UtilityFunctions.swift; sourceTree = "<group>"; };
		0AD6AB961E4BA0EE00691146 /* SMSegment.swift */ = {isa = PBXFileReference; fileEncoding = 4; lastKnownFileType = sourcecode.swift; path = SMSegment.swift; sourceTree = "<group>"; };
		0AD6AB971E4BA0EE00691146 /* SMSegmentView.swift */ = {isa = PBXFileReference; fileEncoding = 4; lastKnownFileType = sourcecode.swift; path = SMSegmentView.swift; sourceTree = "<group>"; };
		0AD6AB9A1E4BA50200691146 /* SMSegmentAppearance.swift */ = {isa = PBXFileReference; fileEncoding = 4; lastKnownFileType = sourcecode.swift; path = SMSegmentAppearance.swift; sourceTree = "<group>"; };
		0AD6AB9B1E4BA50200691146 /* SMSegmentViewConstants.swift */ = {isa = PBXFileReference; fileEncoding = 4; lastKnownFileType = sourcecode.swift; path = SMSegmentViewConstants.swift; sourceTree = "<group>"; };
		0AD7A88F1DC4B539001CDDC5 /* newsVC.swift */ = {isa = PBXFileReference; fileEncoding = 4; lastKnownFileType = sourcecode.swift; path = newsVC.swift; sourceTree = "<group>"; };
		0AD7A8911DC4B577001CDDC5 /* newsCell.swift */ = {isa = PBXFileReference; fileEncoding = 4; lastKnownFileType = sourcecode.swift; path = newsCell.swift; sourceTree = "<group>"; };
		0AD7A8931DC4E23B001CDDC5 /* helper.swift */ = {isa = PBXFileReference; fileEncoding = 4; lastKnownFileType = sourcecode.swift; path = helper.swift; sourceTree = "<group>"; };
		0ADD41E21DBF767E0026B118 /* hashtagsVC.swift */ = {isa = PBXFileReference; fileEncoding = 4; lastKnownFileType = sourcecode.swift; path = hashtagsVC.swift; sourceTree = "<group>"; };
		0AE0B0231E3154B50035EDDC /* tripDetailMapPOI4MapVC.swift */ = {isa = PBXFileReference; fileEncoding = 4; lastKnownFileType = sourcecode.swift; path = tripDetailMapPOI4MapVC.swift; sourceTree = "<group>"; };
		0AE71F501E2CE3B500A5D2E9 /* tripDetailMapPOIVC.swift */ = {isa = PBXFileReference; fileEncoding = 4; lastKnownFileType = sourcecode.swift; path = tripDetailMapPOIVC.swift; sourceTree = "<group>"; };
		503628F8173689C10C0623D9 /* Pods_tripinstagram.framework */ = {isa = PBXFileReference; explicitFileType = wrapper.framework; includeInIndex = 0; path = Pods_tripinstagram.framework; sourceTree = BUILT_PRODUCTS_DIR; };
		C89B57B659938BAFDAFB6F16 /* Pods-tripinstagram.release.xcconfig */ = {isa = PBXFileReference; includeInIndex = 1; lastKnownFileType = text.xcconfig; name = "Pods-tripinstagram.release.xcconfig"; path = "Pods/Target Support Files/Pods-tripinstagram/Pods-tripinstagram.release.xcconfig"; sourceTree = "<group>"; };
		F52FB82B397DEB27872B81CE /* Pods-tripinstagram.debug.xcconfig */ = {isa = PBXFileReference; includeInIndex = 1; lastKnownFileType = text.xcconfig; name = "Pods-tripinstagram.debug.xcconfig"; path = "Pods/Target Support Files/Pods-tripinstagram/Pods-tripinstagram.debug.xcconfig"; sourceTree = "<group>"; };
/* End PBXFileReference section */

/* Begin PBXFrameworksBuildPhase section */
		0A86262D1DB0BDE30001C1EE /* Frameworks */ = {
			isa = PBXFrameworksBuildPhase;
			buildActionMask = 2147483647;
			files = (
				0A65F7981E13F3DD00A3548E /* ExpandingMenu.framework in Frameworks */,
				0A81F2A41DCD28900073063D /* PopupDialog.framework in Frameworks */,
				0A8626591DB0BEEF0001C1EE /* SystemConfiguration.framework in Frameworks */,
				0A86264D1DB0BE850001C1EE /* CFNetwork.framework in Frameworks */,
				0A86264B1DB0BE730001C1EE /* AudioToolbox.framework in Frameworks */,
				0A8626571DB0BEDF0001C1EE /* StoreKit.framework in Frameworks */,
				0A8626551DB0BECD0001C1EE /* Security.framework in Frameworks */,
				0A8626531DB0BEBB0001C1EE /* QuartzCore.framework in Frameworks */,
				0A8626511DB0BEAA0001C1EE /* CoreLocation.framework in Frameworks */,
				0A86264F1DB0BE960001C1EE /* CoreGraphics.framework in Frameworks */,
				0A86265C1DB0C3B50001C1EE /* Bolts.framework in Frameworks */,
				0A8626491DB0BE530001C1EE /* libz.tbd in Frameworks */,
				0A86265D1DB0C3B50001C1EE /* Parse.framework in Frameworks */,
				0A8626471DB0BE430001C1EE /* libsqlite3.tbd in Frameworks */,
				256CF4F329E424012BAFD3D1 /* Pods_tripinstagram.framework in Frameworks */,
			);
			runOnlyForDeploymentPostprocessing = 0;
		};
/* End PBXFrameworksBuildPhase section */

/* Begin PBXGroup section */
		098CD04C9E6216DC59249D53 /* Pods */ = {
			isa = PBXGroup;
			children = (
				F52FB82B397DEB27872B81CE /* Pods-tripinstagram.debug.xcconfig */,
				C89B57B659938BAFDAFB6F16 /* Pods-tripinstagram.release.xcconfig */,
			);
			name = Pods;
			sourceTree = "<group>";
		};
		0A07341F1E38EBB200517E7B /* ZoomTransitioning */ = {
			isa = PBXGroup;
			children = (
				0A0734201E38EBB200517E7B /* Info.plist */,
				0A0734211E38EBB200517E7B /* UIImageView+extension.swift */,
				0A0734221E38EBB200517E7B /* ZoomInteractiveTransition.swift */,
				0A0734231E38EBB200517E7B /* ZoomNavigationControllerDelegate.swift */,
				0A0734241E38EBB200517E7B /* ZoomTransitionDestinationDelegate.swift */,
				0A0734251E38EBB200517E7B /* ZoomTransitioning.h */,
				0A0734261E38EBB200517E7B /* ZoomTransitioning.swift */,
				0A0734271E38EBB200517E7B /* ZoomTransitionSourceDelegate.swift */,
			);
			path = ZoomTransitioning;
			sourceTree = "<group>";
		};
		0A0D97AD1E49D4B000FA9B7B /* ISOCountryCodes */ = {
			isa = PBXGroup;
			children = (
				0A0D97AE1E49D4CC00FA9B7B /* IsoCountries.swift */,
				0A0D97AF1E49D4CC00FA9B7B /* IsoCountryCodes.swift */,
			);
			name = ISOCountryCodes;
			sourceTree = "<group>";
		};
		0A39D25F1DE31B0E00FC525F /* 3rd Party */ = {
			isa = PBXGroup;
			children = (
				0A4939561E559CE1006D9218 /* CosmosDistrib.swift */,
				0A431AD91E4DDB8700F22575 /* TabySegmentedControl.swift */,
				0AD6AB951E4BA0CF00691146 /* SMSegmentView */,
				0A0D97AD1E49D4B000FA9B7B /* ISOCountryCodes */,
				0A07341F1E38EBB200517E7B /* ZoomTransitioning */,
				0AB078211E1D379D003CA409 /* PBRevealViewController */,
				0AAA5E511E1298E500D42657 /* DLRadioButton */,
				0A39D2601DE31B4000FC525F /* CalendarView */,
			);
			name = "3rd Party";
			sourceTree = "<group>";
		};
		0A39D2601DE31B4000FC525F /* CalendarView */ = {
			isa = PBXGroup;
			children = (
				0A9827881DE318C9008C6C0C /* Sources */,
			);
			name = CalendarView;
			sourceTree = "<group>";
		};
		0A8626271DB0BDE30001C1EE = {
			isa = PBXGroup;
			children = (
				0A8626321DB0BDE30001C1EE /* tripinstagram */,
				0A8626311DB0BDE30001C1EE /* Products */,
				0A8626451DB0BE430001C1EE /* Frameworks */,
				098CD04C9E6216DC59249D53 /* Pods */,
			);
			sourceTree = "<group>";
		};
		0A8626311DB0BDE30001C1EE /* Products */ = {
			isa = PBXGroup;
			children = (
				0A8626301DB0BDE30001C1EE /* tripinstagram.app */,
			);
			name = Products;
			sourceTree = "<group>";
		};
		0A8626321DB0BDE30001C1EE /* tripinstagram */ = {
			isa = PBXGroup;
			children = (
				0A07925E1E3A97480059A9BA /* tripinstagram.entitlements */,
				0A39D25F1DE31B0E00FC525F /* 3rd Party */,
				0A3B76F61DE1C96900A60659 /* RatingViewController.swift */,
				0AD6786A1E755DD900E1E9E5 /* PhotoGallery */,
				0A3B76F71DE1C96900A60659 /* RatingViewController.xib */,
				0A1D9F391DB2ABBC0002BAD1 /* pictureCell.swift */,
				0A1D9F411DB78BA30002BAD1 /* guestVC.swift */,
				0A8626701DB2A62D0001C1EE /* headerView.swift */,
				0A86265E1DB0D9DC0001C1EE /* singInVC.swift */,
				0A8626641DB147B40001C1EE /* signUPVC.swift */,
				0A1D9F3D1DB6AFA10002BAD1 /* followersVC.swift */,
				0A1D9F3F1DB6AFE30002BAD1 /* followersCell.swift */,
				0A8626621DB0DA350001C1EE /* resetPasswordVC.swift */,
				0A1D9F471DB9F2D10002BAD1 /* uploadVC.swift */,
				0A885C061DE9FE790036CA0F /* uploadEditVC.swift */,
				0A0734311E38F2FF00517E7B /* tabbartripDetailPhoto.swift */,
				0A1D9F4B1DBA4BD90002BAD1 /* postCell.swift */,
				0A1D9F491DBA4BA50002BAD1 /* postVC.swift */,
				0A1226541E5C5420002197B9 /* feedCell.swift */,
				0A53145F1DC1F52D00604F69 /* feedVC.swift */,
				0A86266E1DB2A5DC0001C1EE /* homeVC.swift */,
				0A1E9D5A1DBBE2FC00080209 /* navVC.swift */,
				0A1E9D5C1DBBE33B00080209 /* tabbarVC.swift */,
				0A97C5A91E23C7CF00F40048 /* tabbartripDetailMap.swift */,
				0A1E9D5E1DBC8B9F00080209 /* commentVC.swift */,
				0A1E9D601DBC8BDC00080209 /* commentCell.swift */,
				0A81F2A51DCE17630073063D /* rateVC.swift */,
				0A81F2A71DCE18380073063D /* rateCell.swift */,
				0ADD41E21DBF767E0026B118 /* hashtagsVC.swift */,
				0A5314611DC2339800604F69 /* usersVC.swift */,
				0AD7A88F1DC4B539001CDDC5 /* newsVC.swift */,
				0AD7A8911DC4B577001CDDC5 /* newsCell.swift */,
				0A1D9F431DB8CEC60002BAD1 /* editVC.swift */,
				0AD7A8931DC4E23B001CDDC5 /* helper.swift */,
				0A4939501E4F0E0D006D9218 /* itineraryCell.swift */,
				0A4939521E4F3A0C006D9218 /* itineraryHeaderCell.swift */,
				0A4939541E507744006D9218 /* itineraryFooterCell.swift */,
				0A431AD51E4C890E00F22575 /* itineraryVC.swift */,
				0A8677B71E04115B00A44177 /* tripMapVC.swift */,
				0A431AD71E4CA07F00F22575 /* tripMapMasterVC.swift */,
				0A5BCD171E22421500903D87 /* tripDetailMapVC.swift */,
				0AE71F501E2CE3B500A5D2E9 /* tripDetailMapPOIVC.swift */,
				0AE0B0231E3154B50035EDDC /* tripDetailMapPOI4MapVC.swift */,
				0A97C5AB1E26A67B00F40048 /* tripDetailMapPOIListVC.swift */,
				0A97C5AD1E26C4DA00F40048 /* tripDetailMapPOIListCell.swift */,
				0A4170BC1E2A368E00AB473F /* tripDetailMapPOIDescVC.swift */,
				0A50EAAF1E27FEF90080ACCB /* tripDetailMapSearchHistory.swift */,
				0A50EAB11E27FFA90080ACCB /* tripDetailMapLocationSearchTable.swift */,
				0A50EAB31E2800FA0080ACCB /* tripDetailHandleMapSearchVC.swift */,
				0A07925F1E3E3BEA0059A9BA /* photoCameraVC.swift */,
				0A0792601E3E3BEA0059A9BA /* photoVC.swift */,
				0A11CD231E0ACECF00D52868 /* spentCell.swift */,
				0A430BD21E0C2A3B00D4BF6B /* spentHeaderCell.swift */,
				0A11CD251E0AD01C00D52868 /* spentsVC.swift */,
				0AAA5E4F1E1294D200D42657 /* spentVC.swift */,
				0A45DE4E1E18218100F3D47B /* tripsListHeaderCell.swift */,
				0A45DE501E18296300F3D47B /* tripsListCell.swift */,
				0AA0C3B21E18033500790BD8 /* tripsListVC.swift */,
				0A55339A1E1AA8A60013CCF1 /* menuListVC.swift */,
				0A07342F1E38EEF300517E7B /* tripDetailPhotoNC.swift */,
				0A4812FE1E392D2600635270 /* tripDetailsPhotoCollectionVC.swift */,
				0A4813001E392EAE00635270 /* tripDetailPhotoViewCell.swift */,
				0A4813021E393F6F00635270 /* tripDetailPhotoDetailVC.swift */,
				0A8626331DB0BDE30001C1EE /* AppDelegate.swift */,
				0A8626371DB0BDE30001C1EE /* Main.storyboard */,
				0AA6C9611E8946030084012C /* countriesCell.swift */,
				0AA6C95F1E89423C0084012C /* countriesTVC.swift */,
				0A88522C1E826A5200D1B48C /* quantityTVC.swift */,
				0AC9D3CB1E8519120027520F /* quantityLevelTVC.swift */,
				0A21870B1E48E6FE00496620 /* FlagKit.xcassets */,
				0A32E22D1DE49667006DC92E /* TimeFrameVC.swift */,
				0A86263A1DB0BDE30001C1EE /* Assets.xcassets */,
				0A86263C1DB0BDE30001C1EE /* LaunchScreen.storyboard */,
				0A3EFBFB1E33507300C21FDB /* SplashVC.swift */,
				0A86263F1DB0BDE30001C1EE /* Info.plist */,
				0A8626681DB285430001C1EE /* Pacifico.ttf */,
			);
			path = tripinstagram;
			sourceTree = "<group>";
		};
		0A8626451DB0BE430001C1EE /* Frameworks */ = {
			isa = PBXGroup;
			children = (
				0A65F7971E13F3DD00A3548E /* ExpandingMenu.framework */,
				0A81F2A31DCD28900073063D /* PopupDialog.framework */,
				0A1E9D621DBD32A400080209 /* tripinstagram-Bridging-Header.h */,
				0A1E9D631DBD32A500080209 /* KILabel.h */,
				0A1E9D641DBD32A500080209 /* KILabel.m */,
				0A86265A1DB0C3B50001C1EE /* Bolts.framework */,
				0A86265B1DB0C3B50001C1EE /* Parse.framework */,
				0A8626581DB0BEEF0001C1EE /* SystemConfiguration.framework */,
				0A8626561DB0BEDF0001C1EE /* StoreKit.framework */,
				0A8626541DB0BECD0001C1EE /* Security.framework */,
				0A8626521DB0BEBB0001C1EE /* QuartzCore.framework */,
				0A8626501DB0BEAA0001C1EE /* CoreLocation.framework */,
				0A86264E1DB0BE960001C1EE /* CoreGraphics.framework */,
				0A86264C1DB0BE850001C1EE /* CFNetwork.framework */,
				0A86264A1DB0BE730001C1EE /* AudioToolbox.framework */,
				0A8626481DB0BE530001C1EE /* libz.tbd */,
				0A8626461DB0BE430001C1EE /* libsqlite3.tbd */,
				503628F8173689C10C0623D9 /* Pods_tripinstagram.framework */,
			);
			name = Frameworks;
			sourceTree = "<group>";
		};
		0A9827881DE318C9008C6C0C /* Sources */ = {
			isa = PBXGroup;
			children = (
				0A9827891DE318C9008C6C0C /* GLCalendarDateRange.h */,
				0A98278A1DE318C9008C6C0C /* GLCalendarDateRange.m */,
				0A98278B1DE318C9008C6C0C /* GLCalendarDayCell */,
				0A9827911DE318C9008C6C0C /* GLCalendarMonthCoverView.h */,
				0A9827921DE318C9008C6C0C /* GLCalendarMonthCoverView.m */,
				0A9827931DE318C9008C6C0C /* GLCalendarView.h */,
				0A9827941DE318C9008C6C0C /* GLCalendarView.m */,
				0A9827951DE318C9008C6C0C /* GLCalendarView.xib */,
				0A9827961DE318C9008C6C0C /* GLDateUtils.h */,
				0A9827971DE318C9008C6C0C /* GLDateUtils.m */,
				0A9827981DE318C9008C6C0C /* Images */,
			);
			path = Sources;
			sourceTree = "<group>";
		};
		0A98278B1DE318C9008C6C0C /* GLCalendarDayCell */ = {
			isa = PBXGroup;
			children = (
				0A98278C1DE318C9008C6C0C /* GLCalendarDayCell.h */,
				0A98278D1DE318C9008C6C0C /* GLCalendarDayCell.m */,
				0A98278E1DE318C9008C6C0C /* GLCalendarDayCell.xib */,
				0A98278F1DE318C9008C6C0C /* GLCalendarDayCellBackgroundCover.h */,
				0A9827901DE318C9008C6C0C /* GLCalendarDayCellBackgroundCover.m */,
			);
			path = GLCalendarDayCell;
			sourceTree = "<group>";
		};
		0A9827981DE318C9008C6C0C /* Images */ = {
			isa = PBXGroup;
			children = (
				0A9827991DE318C9008C6C0C /* gl-calendar-magnify-glass.png */,
				0A98279A1DE318C9008C6C0C /* gl-calendar-magnify-glass@2x.png */,
				0A98279B1DE318C9008C6C0C /* gl-calendar-shadow.png */,
				0A98279C1DE318C9008C6C0C /* gl-calendar-shadow@2x.png */,
				0A98279D1DE318C9008C6C0C /* gl-calendar-shadow@3x.png */,
			);
			path = Images;
			sourceTree = "<group>";
		};
		0AAA5E511E1298E500D42657 /* DLRadioButton */ = {
			isa = PBXGroup;
			children = (
				0AAA5E521E1298E500D42657 /* DLRadioButton.h */,
				0AAA5E531E1298E500D42657 /* DLRadioButton.m */,
			);
			path = DLRadioButton;
			sourceTree = "<group>";
		};
		0AB078211E1D379D003CA409 /* PBRevealViewController */ = {
			isa = PBXGroup;
			children = (
				0AB078251E1D37F2003CA409 /* PBRevealViewController.h */,
				0AB078261E1D37F2003CA409 /* PBRevealViewController.m */,
			);
			name = PBRevealViewController;
			sourceTree = "<group>";
		};
		0AD6786A1E755DD900E1E9E5 /* PhotoGallery */ = {
			isa = PBXGroup;
			children = (
				0AD6789D1E75628B00E1E9E5 /* Source */,
				0AD6786B1E75620C00E1E9E5 /* CounterView.swift */,
				0AD678641E755D8E00E1E9E5 /* PromoContentViewController.swift */,
				0AD678651E755D8E00E1E9E5 /* HomeViewController.swift */,
				0AD678661E755D8E00E1E9E5 /* PhotoCollectionViewCell.swift */,
				0A88522A1E7ABBE800D1B48C /* addPhotoGalleryVC.swift */,
			);
			name = PhotoGallery;
			sourceTree = "<group>";
		};
		0AD6786F1E75628B00E1E9E5 /* Configuration */ = {
			isa = PBXGroup;
			children = (
				0AD6786E1E75628B00E1E9E5 /* GalleryConfiguration.swift */,
			);
			name = Configuration;
			sourceTree = "<group>";
		};
		0AD6787E1E75628B00E1E9E5 /* Extensions */ = {
			isa = PBXGroup;
			children = (
				0AD678701E75628B00E1E9E5 /* Bool.swift */,
				0AD678711E75628B00E1E9E5 /* AVPlayer.swift */,
				0AD678721E75628B00E1E9E5 /* CGSize.swift */,
				0AD678731E75628B00E1E9E5 /* CGRect.swift */,
				0AD678741E75628B00E1E9E5 /* CGPoint.swift */,
				0AD678751E75628B00E1E9E5 /* UIView.swift */,
				0AD678761E75628B00E1E9E5 /* UIImageView.swift */,
				0AD678771E75628B00E1E9E5 /* UIViewController.swift */,
				0AD678781E75628B00E1E9E5 /* UIApplication.swift */,
				0AD678791E75628B00E1E9E5 /* UIButton.swift */,
				0AD6787A1E75628B00E1E9E5 /* CAShapeLayer.swift */,
				0AD6787B1E75628B00E1E9E5 /* CALayer.swift */,
				0AD6787C1E75628B00E1E9E5 /* UIBezierPath.swift */,
				0AD6787D1E75628B00E1E9E5 /* UISlider.swift */,
			);
			path = Extensions;
			sourceTree = "<group>";
		};
		0AD678831E75628B00E1E9E5 /* Base */ = {
			isa = PBXGroup;
			children = (
				0AD678801E75628B00E1E9E5 /* ItemController.swift */,
				0AD678811E75628B00E1E9E5 /* ItemBaseController.swift */,
				0AD678821E75628B00E1E9E5 /* ItemControllerDelegate.swift */,
			);
			name = Base;
			sourceTree = "<group>";
		};
		0AD678851E75628B00E1E9E5 /* Image */ = {
			isa = PBXGroup;
			children = (
				0AD678841E75628B00E1E9E5 /* ImageViewController.swift */,
			);
			name = Image;
			sourceTree = "<group>";
		};
		0AD6788A1E75628B00E1E9E5 /* Video */ = {
			isa = PBXGroup;
			children = (
				0AD678861E75628B00E1E9E5 /* VideoViewController.swift */,
				0AD678871E75628B00E1E9E5 /* VideoView.swift */,
				0AD678881E75628B00E1E9E5 /* VideoScrubber.swift */,
				0AD678891E75628B00E1E9E5 /* Slider.swift */,
			);
			name = Video;
			sourceTree = "<group>";
		};
		0AD6788B1E75628B00E1E9E5 /* Item Controller */ = {
			isa = PBXGroup;
			children = (
				0AD678831E75628B00E1E9E5 /* Base */,
				0AD678851E75628B00E1E9E5 /* Image */,
				0AD6788A1E75628B00E1E9E5 /* Video */,
			);
			name = "Item Controller";
			sourceTree = "<group>";
		};
		0AD6788D1E75628B00E1E9E5 /* Layout */ = {
			isa = PBXGroup;
			children = (
				0AD6788C1E75628B00E1E9E5 /* LayoutEnums.swift */,
			);
			name = Layout;
			sourceTree = "<group>";
		};
		0AD6788F1E75628B00E1E9E5 /* Model */ = {
			isa = PBXGroup;
			children = (
				0AD6788E1E75628B00E1E9E5 /* GalleryItem.swift */,
			);
			name = Model;
			path = ..;
			sourceTree = "<group>";
		};
		0AD678921E75628B00E1E9E5 /* Paging Controller */ = {
			isa = PBXGroup;
			children = (
				0AD678901E75628B00E1E9E5 /* GalleryViewController.swift */,
				0AD678911E75628B00E1E9E5 /* GalleryPagingDataSource.swift */,
			);
			name = "Paging Controller";
			sourceTree = "<group>";
		};
		0AD678961E75628B00E1E9E5 /* Protocols */ = {
			isa = PBXGroup;
			children = (
				0AD678931E75628B00E1E9E5 /* GalleryItemsDataSource.swift */,
				0AD678941E75628B00E1E9E5 /* GalleryDisplacedViewsDataSource.swift */,
				0AD678951E75628B00E1E9E5 /* GalleryItemsDelegate.swift */,
			);
			name = Protocols;
			sourceTree = "<group>";
		};
		0AD678991E75628B00E1E9E5 /* Thumbnails Controller */ = {
			isa = PBXGroup;
			children = (
				0AD678971E75628B00E1E9E5 /* ThumbnailCell.swift */,
				0AD678981E75628B00E1E9E5 /* ThumbnailsViewController.swift */,
			);
			path = "Thumbnails Controller";
			sourceTree = "<group>";
		};
		0AD6789B1E75628B00E1E9E5 /* Transitions */ = {
			isa = PBXGroup;
			children = (
				0AD6789A1E75628B00E1E9E5 /* GallerySwipeToDismissTransition.swift */,
			);
			name = Transitions;
			sourceTree = "<group>";
		};
		0AD6789D1E75628B00E1E9E5 /* Source */ = {
			isa = PBXGroup;
			children = (
				0AD6786D1E75628B00E1E9E5 /* BlurView.swift */,
				0AD6786F1E75628B00E1E9E5 /* Configuration */,
				0AD6787E1E75628B00E1E9E5 /* Extensions */,
				0AD6787F1E75628B00E1E9E5 /* ImageFadeInHandler.swift */,
				0AD6788B1E75628B00E1E9E5 /* Item Controller */,
				0AD6788D1E75628B00E1E9E5 /* Layout */,
				0AD6788F1E75628B00E1E9E5 /* Model */,
				0AD678921E75628B00E1E9E5 /* Paging Controller */,
				0AD678961E75628B00E1E9E5 /* Protocols */,
				0AD678991E75628B00E1E9E5 /* Thumbnails Controller */,
				0AD6789B1E75628B00E1E9E5 /* Transitions */,
				0AD6789C1E75628B00E1E9E5 /* UtilityFunctions.swift */,
			);
			name = Source;
			path = "../../../../Downloads/ImageViewer-master/ImageViewer/Source";
			sourceTree = "<group>";
		};
		0AD6AB951E4BA0CF00691146 /* SMSegmentView */ = {
			isa = PBXGroup;
			children = (
				0AD6AB9A1E4BA50200691146 /* SMSegmentAppearance.swift */,
				0AD6AB9B1E4BA50200691146 /* SMSegmentViewConstants.swift */,
				0AD6AB961E4BA0EE00691146 /* SMSegment.swift */,
				0AD6AB971E4BA0EE00691146 /* SMSegmentView.swift */,
			);
			name = SMSegmentView;
			sourceTree = "<group>";
		};
/* End PBXGroup section */

/* Begin PBXNativeTarget section */
		0A86262F1DB0BDE30001C1EE /* tripinstagram */ = {
			isa = PBXNativeTarget;
			buildConfigurationList = 0A8626421DB0BDE30001C1EE /* Build configuration list for PBXNativeTarget "tripinstagram" */;
			buildPhases = (
				51A6322D4E37136863D87BD1 /* [CP] Check Pods Manifest.lock */,
				0A86262C1DB0BDE30001C1EE /* Sources */,
				0A86262D1DB0BDE30001C1EE /* Frameworks */,
				0A86262E1DB0BDE30001C1EE /* Resources */,
				6A10817B77F03A1D69A985CC /* [CP] Embed Pods Frameworks */,
				8ED8478127EF172951287E63 /* [CP] Copy Pods Resources */,
			);
			buildRules = (
			);
			dependencies = (
			);
			name = tripinstagram;
			productName = tripinstagram;
			productReference = 0A8626301DB0BDE30001C1EE /* tripinstagram.app */;
			productType = "com.apple.product-type.application";
		};
/* End PBXNativeTarget section */

/* Begin PBXProject section */
		0A8626281DB0BDE30001C1EE /* Project object */ = {
			isa = PBXProject;
			attributes = {
				LastSwiftUpdateCheck = 0800;
				LastUpgradeCheck = 0820;
				ORGANIZATIONNAME = "Pavol Polacek";
				TargetAttributes = {
					0A86262F1DB0BDE30001C1EE = {
						CreatedOnToolsVersion = 8.0;
						DevelopmentTeam = RXJ28CS78E;
						LastSwiftMigration = 0820;
						ProvisioningStyle = Automatic;
						SystemCapabilities = {
							com.apple.Push = {
								enabled = 1;
							};
						};
					};
				};
			};
			buildConfigurationList = 0A86262B1DB0BDE30001C1EE /* Build configuration list for PBXProject "tripinstagram" */;
			compatibilityVersion = "Xcode 8.0";
			developmentRegion = English;
			hasScannedForEncodings = 0;
			knownRegions = (
				en,
				Base,
			);
			mainGroup = 0A8626271DB0BDE30001C1EE;
			productRefGroup = 0A8626311DB0BDE30001C1EE /* Products */;
			projectDirPath = "";
			projectRoot = "";
			targets = (
				0A86262F1DB0BDE30001C1EE /* tripinstagram */,
			);
		};
/* End PBXProject section */

/* Begin PBXResourcesBuildPhase section */
		0A86262E1DB0BDE30001C1EE /* Resources */ = {
			isa = PBXResourcesBuildPhase;
			buildActionMask = 2147483647;
			files = (
				0A86263E1DB0BDE30001C1EE /* LaunchScreen.storyboard in Resources */,
				0A9827A61DE318C9008C6C0C /* gl-calendar-magnify-glass.png in Resources */,
				0A9827A01DE318C9008C6C0C /* GLCalendarDayCell.xib in Resources */,
				0A9827A71DE318C9008C6C0C /* gl-calendar-magnify-glass@2x.png in Resources */,
				0A9827A91DE318C9008C6C0C /* gl-calendar-shadow@2x.png in Resources */,
				0A86263B1DB0BDE30001C1EE /* Assets.xcassets in Resources */,
				0A8626691DB285430001C1EE /* Pacifico.ttf in Resources */,
				0A9827A81DE318C9008C6C0C /* gl-calendar-shadow.png in Resources */,
				0A9827AA1DE318C9008C6C0C /* gl-calendar-shadow@3x.png in Resources */,
				0A9827A41DE318C9008C6C0C /* GLCalendarView.xib in Resources */,
				0A21870C1E48E6FE00496620 /* FlagKit.xcassets in Resources */,
				0A8626391DB0BDE30001C1EE /* Main.storyboard in Resources */,
				0A3B76F91DE1C96900A60659 /* RatingViewController.xib in Resources */,
				0A0734281E38EBB200517E7B /* Info.plist in Resources */,
			);
			runOnlyForDeploymentPostprocessing = 0;
		};
/* End PBXResourcesBuildPhase section */

/* Begin PBXShellScriptBuildPhase section */
		51A6322D4E37136863D87BD1 /* [CP] Check Pods Manifest.lock */ = {
			isa = PBXShellScriptBuildPhase;
			buildActionMask = 2147483647;
			files = (
			);
			inputPaths = (
			);
			name = "[CP] Check Pods Manifest.lock";
			outputPaths = (
			);
			runOnlyForDeploymentPostprocessing = 0;
			shellPath = /bin/sh;
			shellScript = "diff \"${PODS_PODFILE_DIR_PATH}/Podfile.lock\" \"${PODS_ROOT}/Manifest.lock\" > /dev/null\nif [ $? != 0 ] ; then\n    # print error to STDERR\n    echo \"error: The sandbox is not in sync with the Podfile.lock. Run 'pod install' or update your CocoaPods installation.\" >&2\n    exit 1\nfi\n";
			showEnvVarsInLog = 0;
		};
		6A10817B77F03A1D69A985CC /* [CP] Embed Pods Frameworks */ = {
			isa = PBXShellScriptBuildPhase;
			buildActionMask = 2147483647;
			files = (
			);
			inputPaths = (
			);
			name = "[CP] Embed Pods Frameworks";
			outputPaths = (
			);
			runOnlyForDeploymentPostprocessing = 0;
			shellPath = /bin/sh;
			shellScript = "\"${SRCROOT}/Pods/Target Support Files/Pods-tripinstagram/Pods-tripinstagram-frameworks.sh\"\n";
			showEnvVarsInLog = 0;
		};
		8ED8478127EF172951287E63 /* [CP] Copy Pods Resources */ = {
			isa = PBXShellScriptBuildPhase;
			buildActionMask = 2147483647;
			files = (
			);
			inputPaths = (
			);
			name = "[CP] Copy Pods Resources";
			outputPaths = (
			);
			runOnlyForDeploymentPostprocessing = 0;
			shellPath = /bin/sh;
			shellScript = "\"${SRCROOT}/Pods/Target Support Files/Pods-tripinstagram/Pods-tripinstagram-resources.sh\"\n";
			showEnvVarsInLog = 0;
		};
/* End PBXShellScriptBuildPhase section */

/* Begin PBXSourcesBuildPhase section */
		0A86262C1DB0BDE30001C1EE /* Sources */ = {
			isa = PBXSourcesBuildPhase;
			buildActionMask = 2147483647;
			files = (
				0AD678691E755D8E00E1E9E5 /* PhotoCollectionViewCell.swift in Sources */,
				0A9827A21DE318C9008C6C0C /* GLCalendarMonthCoverView.m in Sources */,
				0A5314601DC1F52E00604F69 /* feedVC.swift in Sources */,
				0A0734321E38F2FF00517E7B /* tabbartripDetailPhoto.swift in Sources */,
				0A1D9F4A1DBA4BA50002BAD1 /* postVC.swift in Sources */,
				0A1E9D5B1DBBE2FC00080209 /* navVC.swift in Sources */,
				0A431AD81E4CA07F00F22575 /* tripMapMasterVC.swift in Sources */,
				0A4812FF1E392D2600635270 /* tripDetailsPhotoCollectionVC.swift in Sources */,
				0A97C5AA1E23C7CF00F40048 /* tabbartripDetailMap.swift in Sources */,
				0AD678B61E75628B00E1E9E5 /* Slider.swift in Sources */,
				0AD678AB1E75628B00E1E9E5 /* CALayer.swift in Sources */,
				0AD678B81E75628B00E1E9E5 /* GalleryItem.swift in Sources */,
				0AD678BE1E75628B00E1E9E5 /* ThumbnailCell.swift in Sources */,
				0A9827A11DE318C9008C6C0C /* GLCalendarDayCellBackgroundCover.m in Sources */,
				0AE0B0241E3154B50035EDDC /* tripDetailMapPOI4MapVC.swift in Sources */,
				0A1D9F4C1DBA4BD90002BAD1 /* postCell.swift in Sources */,
				0AA6C9601E89423C0084012C /* countriesTVC.swift in Sources */,
				0A0D97B01E49D4CC00FA9B7B /* IsoCountries.swift in Sources */,
				0A1E9D611DBC8BDC00080209 /* commentCell.swift in Sources */,
				0A4939511E4F0E0D006D9218 /* itineraryCell.swift in Sources */,
				0A431AD61E4C890E00F22575 /* itineraryVC.swift in Sources */,
				0AB078271E1D37F2003CA409 /* PBRevealViewController.m in Sources */,
				0AD678A91E75628B00E1E9E5 /* UIButton.swift in Sources */,
				0A55339B1E1AA8A60013CCF1 /* menuListVC.swift in Sources */,
				0A5314621DC2339800604F69 /* usersVC.swift in Sources */,
				0A45DE4F1E18218100F3D47B /* tripsListHeaderCell.swift in Sources */,
				0A0734301E38EEF300517E7B /* tripDetailPhotoNC.swift in Sources */,
				0A98279F1DE318C9008C6C0C /* GLCalendarDayCell.m in Sources */,
				0AD6789E1E75628B00E1E9E5 /* BlurView.swift in Sources */,
				0AD678B71E75628B00E1E9E5 /* LayoutEnums.swift in Sources */,
				0AC9D3CC1E8519120027520F /* quantityLevelTVC.swift in Sources */,
				0A4813011E392EAE00635270 /* tripDetailPhotoViewCell.swift in Sources */,
				0A07342A1E38EBB200517E7B /* ZoomInteractiveTransition.swift in Sources */,
				0AD678A11E75628B00E1E9E5 /* AVPlayer.swift in Sources */,
				0A0D97B11E49D4CC00FA9B7B /* IsoCountryCodes.swift in Sources */,
				0A0734291E38EBB200517E7B /* UIImageView+extension.swift in Sources */,
				0AD678AE1E75628B00E1E9E5 /* ImageFadeInHandler.swift in Sources */,
				0AD678A61E75628B00E1E9E5 /* UIImageView.swift in Sources */,
				0AD6AB9D1E4BA50200691146 /* SMSegmentViewConstants.swift in Sources */,
				0A50EAB41E2800FA0080ACCB /* tripDetailHandleMapSearchVC.swift in Sources */,
				0AD678B91E75628B00E1E9E5 /* GalleryViewController.swift in Sources */,
				0AD7A8921DC4B577001CDDC5 /* newsCell.swift in Sources */,
				0AD678A41E75628B00E1E9E5 /* CGPoint.swift in Sources */,
				0AD678A31E75628B00E1E9E5 /* CGRect.swift in Sources */,
				0A4939531E4F3A0C006D9218 /* itineraryHeaderCell.swift in Sources */,
				0A0792611E3E3BEA0059A9BA /* photoCameraVC.swift in Sources */,
				0A1D9F3A1DB2ABBC0002BAD1 /* pictureCell.swift in Sources */,
				0A1226551E5C5420002197B9 /* feedCell.swift in Sources */,
				0A11CD241E0ACECF00D52868 /* spentCell.swift in Sources */,
				0A431ADA1E4DDB8700F22575 /* TabySegmentedControl.swift in Sources */,
				0AD678A21E75628B00E1E9E5 /* CGSize.swift in Sources */,
				0AD678BD1E75628B00E1E9E5 /* GalleryItemsDelegate.swift in Sources */,
				0A1D9F421DB78BA30002BAD1 /* guestVC.swift in Sources */,
				0AD678B51E75628B00E1E9E5 /* VideoScrubber.swift in Sources */,
				0A4813031E393F6F00635270 /* tripDetailPhotoDetailVC.swift in Sources */,
				0AA6C9621E8946030084012C /* countriesCell.swift in Sources */,
				0AD678BC1E75628B00E1E9E5 /* GalleryDisplacedViewsDataSource.swift in Sources */,
				0AD678C11E75628B00E1E9E5 /* UtilityFunctions.swift in Sources */,
				0A8677B81E04115B00A44177 /* tripMapVC.swift in Sources */,
				0AD678BB1E75628B00E1E9E5 /* GalleryItemsDataSource.swift in Sources */,
				0AA0C3B31E18033500790BD8 /* tripsListVC.swift in Sources */,
				0A9827A51DE318C9008C6C0C /* GLDateUtils.m in Sources */,
				0AD678AC1E75628B00E1E9E5 /* UIBezierPath.swift in Sources */,
				0A8626651DB147B40001C1EE /* signUPVC.swift in Sources */,
				0A1D9F481DB9F2D10002BAD1 /* uploadVC.swift in Sources */,
				0AD678B01E75628B00E1E9E5 /* ItemBaseController.swift in Sources */,
				0A50EAB21E27FFA90080ACCB /* tripDetailMapLocationSearchTable.swift in Sources */,
				0AD678BF1E75628B00E1E9E5 /* ThumbnailsViewController.swift in Sources */,
				0A98279E1DE318C9008C6C0C /* GLCalendarDateRange.m in Sources */,
				0A1E9D5F1DBC8B9F00080209 /* commentVC.swift in Sources */,
				0A4939551E507744006D9218 /* itineraryFooterCell.swift in Sources */,
				0A1D9F401DB6AFE30002BAD1 /* followersCell.swift in Sources */,
				0A88522B1E7ABBE800D1B48C /* addPhotoGalleryVC.swift in Sources */,
				0AD678A51E75628B00E1E9E5 /* UIView.swift in Sources */,
				0AD678A71E75628B00E1E9E5 /* UIViewController.swift in Sources */,
				0A1D9F3E1DB6AFA10002BAD1 /* followersVC.swift in Sources */,
				0A86265F1DB0D9DC0001C1EE /* singInVC.swift in Sources */,
				0A50EAB01E27FEF90080ACCB /* tripDetailMapSearchHistory.swift in Sources */,
				0A86266F1DB2A5DC0001C1EE /* homeVC.swift in Sources */,
				0A81F2A61DCE17630073063D /* rateVC.swift in Sources */,
				0AD678681E755D8E00E1E9E5 /* HomeViewController.swift in Sources */,
				0AD678BA1E75628B00E1E9E5 /* GalleryPagingDataSource.swift in Sources */,
				0A1E9D651DBD32A500080209 /* KILabel.m in Sources */,
				0A9827A31DE318C9008C6C0C /* GLCalendarView.m in Sources */,
				0AD7A8901DC4B539001CDDC5 /* newsVC.swift in Sources */,
				0A07342B1E38EBB200517E7B /* ZoomNavigationControllerDelegate.swift in Sources */,
				0AD678A81E75628B00E1E9E5 /* UIApplication.swift in Sources */,
				0A413D271E13EEA10090B78B /* DatePickerDialog.swift in Sources */,
				0A3B76F81DE1C96900A60659 /* RatingViewController.swift in Sources */,
				0AD678AA1E75628B00E1E9E5 /* CAShapeLayer.swift in Sources */,
				0A32E22E1DE49667006DC92E /* TimeFrameVC.swift in Sources */,
				0A88522D1E826A5200D1B48C /* quantityTVC.swift in Sources */,
				0A8626341DB0BDE30001C1EE /* AppDelegate.swift in Sources */,
				0AD678C01E75628B00E1E9E5 /* GallerySwipeToDismissTransition.swift in Sources */,
				0A4939571E559CE1006D9218 /* CosmosDistrib.swift in Sources */,
				0A3EFBFC1E33507300C21FDB /* SplashVC.swift in Sources */,
				0AD678AD1E75628B00E1E9E5 /* UISlider.swift in Sources */,
				0A81F2A81DCE18380073063D /* rateCell.swift in Sources */,
				0A8626631DB0DA350001C1EE /* resetPasswordVC.swift in Sources */,
				0A07342C1E38EBB200517E7B /* ZoomTransitionDestinationDelegate.swift in Sources */,
				0AD678B21E75628B00E1E9E5 /* ImageViewController.swift in Sources */,
				0A4170BD1E2A368E00AB473F /* tripDetailMapPOIDescVC.swift in Sources */,
				0AD678AF1E75628B00E1E9E5 /* ItemController.swift in Sources */,
				0A97C5AC1E26A67B00F40048 /* tripDetailMapPOIListVC.swift in Sources */,
				0A885C071DE9FE790036CA0F /* uploadEditVC.swift in Sources */,
				0AD678671E755D8E00E1E9E5 /* PromoContentViewController.swift in Sources */,
				0A07342E1E38EBB200517E7B /* ZoomTransitionSourceDelegate.swift in Sources */,
				0A430BD31E0C2A3B00D4BF6B /* spentHeaderCell.swift in Sources */,
				0AAA5E501E1294D200D42657 /* spentVC.swift in Sources */,
				0A07342D1E38EBB200517E7B /* ZoomTransitioning.swift in Sources */,
				0AD6AB991E4BA0EE00691146 /* SMSegmentView.swift in Sources */,
				0A8626711DB2A62D0001C1EE /* headerView.swift in Sources */,
				0AD678B41E75628B00E1E9E5 /* VideoView.swift in Sources */,
				0AD678B11E75628B00E1E9E5 /* ItemControllerDelegate.swift in Sources */,
				0A0792621E3E3BEA0059A9BA /* photoVC.swift in Sources */,
				0A1E9D5D1DBBE33B00080209 /* tabbarVC.swift in Sources */,
				0A11CD261E0AD01C00D52868 /* spentsVC.swift in Sources */,
				0AD7A8941DC4E23B001CDDC5 /* helper.swift in Sources */,
				0AD6789F1E75628B00E1E9E5 /* GalleryConfiguration.swift in Sources */,
				0A45DE511E18296300F3D47B /* tripsListCell.swift in Sources */,
				0A97C5AE1E26C4DA00F40048 /* tripDetailMapPOIListCell.swift in Sources */,
				0AAA5E541E1298E500D42657 /* DLRadioButton.m in Sources */,
				0A1D9F441DB8CEC60002BAD1 /* editVC.swift in Sources */,
				0ADD41E31DBF767E0026B118 /* hashtagsVC.swift in Sources */,
				0AD6AB981E4BA0EE00691146 /* SMSegment.swift in Sources */,
				0AD678B31E75628B00E1E9E5 /* VideoViewController.swift in Sources */,
				0AD6AB9C1E4BA50200691146 /* SMSegmentAppearance.swift in Sources */,
				0A5BCD181E22421500903D87 /* tripDetailMapVC.swift in Sources */,
				0AE71F511E2CE3B500A5D2E9 /* tripDetailMapPOIVC.swift in Sources */,
				0AD6786C1E75620C00E1E9E5 /* CounterView.swift in Sources */,
				0AD678A01E75628B00E1E9E5 /* Bool.swift in Sources */,
			);
			runOnlyForDeploymentPostprocessing = 0;
		};
/* End PBXSourcesBuildPhase section */

/* Begin PBXVariantGroup section */
		0A8626371DB0BDE30001C1EE /* Main.storyboard */ = {
			isa = PBXVariantGroup;
			children = (
				0A8626381DB0BDE30001C1EE /* Base */,
			);
			name = Main.storyboard;
			sourceTree = "<group>";
		};
		0A86263C1DB0BDE30001C1EE /* LaunchScreen.storyboard */ = {
			isa = PBXVariantGroup;
			children = (
				0A86263D1DB0BDE30001C1EE /* Base */,
			);
			name = LaunchScreen.storyboard;
			sourceTree = "<group>";
		};
/* End PBXVariantGroup section */

/* Begin XCBuildConfiguration section */
		0A8626401DB0BDE30001C1EE /* Debug */ = {
			isa = XCBuildConfiguration;
			buildSettings = {
				ALWAYS_SEARCH_USER_PATHS = NO;
				CLANG_ANALYZER_NONNULL = YES;
				CLANG_CXX_LANGUAGE_STANDARD = "gnu++0x";
				CLANG_CXX_LIBRARY = "libc++";
				CLANG_ENABLE_MODULES = YES;
				CLANG_ENABLE_OBJC_ARC = YES;
				CLANG_WARN_BOOL_CONVERSION = YES;
				CLANG_WARN_CONSTANT_CONVERSION = YES;
				CLANG_WARN_DIRECT_OBJC_ISA_USAGE = YES_ERROR;
				CLANG_WARN_DOCUMENTATION_COMMENTS = YES;
				CLANG_WARN_EMPTY_BODY = YES;
				CLANG_WARN_ENUM_CONVERSION = YES;
				CLANG_WARN_INFINITE_RECURSION = YES;
				CLANG_WARN_INT_CONVERSION = YES;
				CLANG_WARN_OBJC_ROOT_CLASS = YES_ERROR;
				CLANG_WARN_SUSPICIOUS_MOVE = YES;
				CLANG_WARN_SUSPICIOUS_MOVES = YES;
				CLANG_WARN_UNREACHABLE_CODE = YES;
				CLANG_WARN__DUPLICATE_METHOD_MATCH = YES;
				CODE_SIGN_IDENTITY = "iPhone Developer";
				"CODE_SIGN_IDENTITY[sdk=iphoneos*]" = "iPhone Developer";
				COPY_PHASE_STRIP = NO;
				DEBUG_INFORMATION_FORMAT = dwarf;
				ENABLE_STRICT_OBJC_MSGSEND = YES;
				ENABLE_TESTABILITY = YES;
				GCC_C_LANGUAGE_STANDARD = gnu99;
				GCC_DYNAMIC_NO_PIC = NO;
				GCC_NO_COMMON_BLOCKS = YES;
				GCC_OPTIMIZATION_LEVEL = 0;
				GCC_PREPROCESSOR_DEFINITIONS = (
					"DEBUG=1",
					"$(inherited)",
				);
				GCC_WARN_64_TO_32_BIT_CONVERSION = YES;
				GCC_WARN_ABOUT_RETURN_TYPE = YES_ERROR;
				GCC_WARN_UNDECLARED_SELECTOR = YES;
				GCC_WARN_UNINITIALIZED_AUTOS = YES_AGGRESSIVE;
				GCC_WARN_UNUSED_FUNCTION = YES;
				GCC_WARN_UNUSED_VARIABLE = YES;
				IPHONEOS_DEPLOYMENT_TARGET = 9.3;
				MTL_ENABLE_DEBUG_INFO = YES;
				ONLY_ACTIVE_ARCH = YES;
				SDKROOT = iphoneos;
				SWIFT_ACTIVE_COMPILATION_CONDITIONS = DEBUG;
				SWIFT_OPTIMIZATION_LEVEL = "-Onone";
				TARGETED_DEVICE_FAMILY = "1,2";
			};
			name = Debug;
		};
		0A8626411DB0BDE30001C1EE /* Release */ = {
			isa = XCBuildConfiguration;
			buildSettings = {
				ALWAYS_SEARCH_USER_PATHS = NO;
				CLANG_ANALYZER_NONNULL = YES;
				CLANG_CXX_LANGUAGE_STANDARD = "gnu++0x";
				CLANG_CXX_LIBRARY = "libc++";
				CLANG_ENABLE_MODULES = YES;
				CLANG_ENABLE_OBJC_ARC = YES;
				CLANG_WARN_BOOL_CONVERSION = YES;
				CLANG_WARN_CONSTANT_CONVERSION = YES;
				CLANG_WARN_DIRECT_OBJC_ISA_USAGE = YES_ERROR;
				CLANG_WARN_DOCUMENTATION_COMMENTS = YES;
				CLANG_WARN_EMPTY_BODY = YES;
				CLANG_WARN_ENUM_CONVERSION = YES;
				CLANG_WARN_INFINITE_RECURSION = YES;
				CLANG_WARN_INT_CONVERSION = YES;
				CLANG_WARN_OBJC_ROOT_CLASS = YES_ERROR;
				CLANG_WARN_SUSPICIOUS_MOVE = YES;
				CLANG_WARN_SUSPICIOUS_MOVES = YES;
				CLANG_WARN_UNREACHABLE_CODE = YES;
				CLANG_WARN__DUPLICATE_METHOD_MATCH = YES;
				CODE_SIGN_IDENTITY = "iPhone Developer";
				"CODE_SIGN_IDENTITY[sdk=iphoneos*]" = "iPhone Developer";
				COPY_PHASE_STRIP = NO;
				DEBUG_INFORMATION_FORMAT = "dwarf-with-dsym";
				ENABLE_NS_ASSERTIONS = NO;
				ENABLE_STRICT_OBJC_MSGSEND = YES;
				GCC_C_LANGUAGE_STANDARD = gnu99;
				GCC_NO_COMMON_BLOCKS = YES;
				GCC_WARN_64_TO_32_BIT_CONVERSION = YES;
				GCC_WARN_ABOUT_RETURN_TYPE = YES_ERROR;
				GCC_WARN_UNDECLARED_SELECTOR = YES;
				GCC_WARN_UNINITIALIZED_AUTOS = YES_AGGRESSIVE;
				GCC_WARN_UNUSED_FUNCTION = YES;
				GCC_WARN_UNUSED_VARIABLE = YES;
				IPHONEOS_DEPLOYMENT_TARGET = 9.3;
				MTL_ENABLE_DEBUG_INFO = NO;
				SDKROOT = iphoneos;
				SWIFT_OPTIMIZATION_LEVEL = "-Owholemodule";
				TARGETED_DEVICE_FAMILY = "1,2";
				VALIDATE_PRODUCT = YES;
			};
			name = Release;
		};
		0A8626431DB0BDE30001C1EE /* Debug */ = {
			isa = XCBuildConfiguration;
			baseConfigurationReference = F52FB82B397DEB27872B81CE /* Pods-tripinstagram.debug.xcconfig */;
			buildSettings = {
				ALWAYS_EMBED_SWIFT_STANDARD_LIBRARIES = YES;
				ASSETCATALOG_COMPILER_APPICON_NAME = AppIcon;
				CLANG_ENABLE_MODULES = YES;
				CODE_SIGN_ENTITLEMENTS = tripinstagram/tripinstagram.entitlements;
				CODE_SIGN_IDENTITY = "";
				"CODE_SIGN_IDENTITY[sdk=*]" = "";
				"CODE_SIGN_IDENTITY[sdk=iphoneos*]" = "iPhone Developer";
				DEVELOPMENT_TEAM = RXJ28CS78E;
				FRAMEWORK_SEARCH_PATHS = (
					"$(inherited)",
					"$(PROJECT_DIR)/tripinstagram",
					"$(PROJECT_DIR)/build/Debug-iphoneos/DatePickerDialog",
					"$(PROJECT_DIR)/build/Debug-iphoneos/ExpandingMenu",
					"$(PROJECT_DIR)/build/Debug-iphoneos",
				);
				INFOPLIST_FILE = tripinstagram/Info.plist;
				IPHONEOS_DEPLOYMENT_TARGET = 10.2;
				LD_RUNPATH_SEARCH_PATHS = "$(inherited) @executable_path/Frameworks";
				PRODUCT_BUNDLE_IDENTIFIER = ejko.tripinstagram;
				PRODUCT_NAME = "$(TARGET_NAME)";
				PROVISIONING_PROFILE = "";
				PROVISIONING_PROFILE_SPECIFIER = "";
				SWIFT_OBJC_BRIDGING_HEADER = "tripinstagram/tripinstagram-Bridging-Header.h";
				SWIFT_OPTIMIZATION_LEVEL = "-Onone";
				SWIFT_VERSION = 3.0;
				TARGETED_DEVICE_FAMILY = "1,2";
				VALIDATE_PRODUCT = NO;
			};
			name = Debug;
		};
		0A8626441DB0BDE30001C1EE /* Release */ = {
			isa = XCBuildConfiguration;
			baseConfigurationReference = C89B57B659938BAFDAFB6F16 /* Pods-tripinstagram.release.xcconfig */;
			buildSettings = {
				ALWAYS_EMBED_SWIFT_STANDARD_LIBRARIES = YES;
				ASSETCATALOG_COMPILER_APPICON_NAME = AppIcon;
				CLANG_ENABLE_MODULES = YES;
				CODE_SIGN_ENTITLEMENTS = tripinstagram/tripinstagram.entitlements;
				CODE_SIGN_IDENTITY = "";
				"CODE_SIGN_IDENTITY[sdk=*]" = "";
				"CODE_SIGN_IDENTITY[sdk=iphoneos*]" = "iPhone Developer";
				DEVELOPMENT_TEAM = RXJ28CS78E;
				FRAMEWORK_SEARCH_PATHS = (
					"$(inherited)",
					"$(PROJECT_DIR)/tripinstagram",
					"$(PROJECT_DIR)/build/Debug-iphoneos/DatePickerDialog",
					"$(PROJECT_DIR)/build/Debug-iphoneos/ExpandingMenu",
					"$(PROJECT_DIR)/build/Debug-iphoneos",
				);
				INFOPLIST_FILE = tripinstagram/Info.plist;
				IPHONEOS_DEPLOYMENT_TARGET = 10.2;
				LD_RUNPATH_SEARCH_PATHS = "$(inherited) @executable_path/Frameworks";
				PRODUCT_BUNDLE_IDENTIFIER = ejko.tripinstagram;
				PRODUCT_NAME = "$(TARGET_NAME)";
				PROVISIONING_PROFILE = "";
				PROVISIONING_PROFILE_SPECIFIER = "";
				SWIFT_OBJC_BRIDGING_HEADER = "tripinstagram/tripinstagram-Bridging-Header.h";
				SWIFT_VERSION = 3.0;
				TARGETED_DEVICE_FAMILY = "1,2";
				VALIDATE_PRODUCT = NO;
			};
			name = Release;
		};
/* End XCBuildConfiguration section */

/* Begin XCConfigurationList section */
		0A86262B1DB0BDE30001C1EE /* Build configuration list for PBXProject "tripinstagram" */ = {
			isa = XCConfigurationList;
			buildConfigurations = (
				0A8626401DB0BDE30001C1EE /* Debug */,
				0A8626411DB0BDE30001C1EE /* Release */,
			);
			defaultConfigurationIsVisible = 0;
			defaultConfigurationName = Release;
		};
		0A8626421DB0BDE30001C1EE /* Build configuration list for PBXNativeTarget "tripinstagram" */ = {
			isa = XCConfigurationList;
			buildConfigurations = (
				0A8626431DB0BDE30001C1EE /* Debug */,
				0A8626441DB0BDE30001C1EE /* Release */,
			);
			defaultConfigurationIsVisible = 0;
			defaultConfigurationName = Release;
		};
/* End XCConfigurationList section */
	};
	rootObject = 0A8626281DB0BDE30001C1EE /* Project object */;
}
